
Microsoft Visual Studio Solution File, Format Version 12.00
# Visual Studio Version 17
VisualStudioVersion = 17.0.31710.8
MinimumVisualStudioVersion = 10.0.40219.1
Project("{9A19103F-16F7-4668-BE54-9A1E7A4F7556}") = "SampleApp", "SampleApp\SampleApp.csproj", "{A831039B-C294-4711-AAE1-CEBD5234F1AA}"
EndProject
Global
	GlobalSection(SolutionConfigurationPlatforms) = preSolution
		Debug|Any CPU = Debug|Any CPU
		Release|Any CPU = Release|Any CPU
	EndGlobalSection
	GlobalSection(ProjectConfigurationPlatforms) = postSolution
		{A831039B-C294-4711-AAE1-CEBD5234F1AA}.Debug|Any CPU.ActiveCfg = Debug|Any CPU
		{A831039B-C294-4711-AAE1-CEBD5234F1AA}.Debug|Any CPU.Build.0 = Debug|Any CPU
		{A831039B-C294-4711-AAE1-CEBD5234F1AA}.Release|Any CPU.ActiveCfg = Release|Any CPU
		{A831039B-C294-4711-AAE1-CEBD5234F1AA}.Release|Any CPU.Build.0 = Release|Any CPU
	EndGlobalSection
	GlobalSection(SolutionProperties) = preSolution
		HideSolutionNode = FALSE
	EndGlobalSection
	GlobalSection(ExtensibilityGlobals) = postSolution
		SolutionGuid = {80A0C3B2-F419-48D9-8E8B-084246FF648A}
	EndGlobalSection
EndGlobal
