
Microsoft Visual Studio Solution File, Format Version 12.00
# Visual Studio Version 16
VisualStudioVersion = 16.0.28803.156
MinimumVisualStudioVersion = 10.0.40219.1
Project("{2150E333-8FDC-42A3-9474-1A3956D46DE8}") = "Solution Items", "Solution Items", "{020C4898-9337-4E36-A674-1F65E6AFF538}"
	ProjectSection(SolutionItems) = preProject
		..\.gitignore = ..\.gitignore
		..\Changelog.md = ..\Changelog.md
		Directory.Build.props = Directory.Build.props
		..\LICENSE.md = ..\LICENSE.md
		..\README.md = ..\README.md
	EndProjectSection
EndProject
Project("{D954291E-2A0B-460D-934E-DC6B0785DB48}") = "WinCopies.Data.Shared", "WinCopies.Data.Shared\WinCopies.Data.Shared.shproj", "{0EA8F0F5-12A8-4F14-BF17-5422E25ED835}"
EndProject
Project("{9A19103F-16F7-4668-BE54-9A1E7A4F7556}") = "WinCopies.Data.2.x", "WinCopies.Data\WinCopies.Data.2.x.csproj", "{2DCA5922-4C4C-418B-8320-DDE70E7D6E73}"
EndProject
Project("{2150E333-8FDC-42A3-9474-1A3956D46DE8}") = "Samples", "Samples", "{B43D9434-F1F2-483C-BF76-7C6A4F062594}"
EndProject
Project("{9A19103F-16F7-4668-BE54-9A1E7A4F7556}") = "WinCopies.GUI.Samples", "..\Samples\WinCopies.GUI.Samples\WinCopies.GUI.Samples.csproj", "{4CAFBD2F-AB7A-4401-A099-5720D7796A3D}"
EndProject
Project("{9A19103F-16F7-4668-BE54-9A1E7A4F7556}") = "WinCopies.Util.Temp", "WinCopies.Util\WinCopies.Util.Temp.csproj", "{AFB0D464-844B-4797-8539-35113326BE32}"
EndProject
Project("{2150E333-8FDC-42A3-9474-1A3956D46DE8}") = "GUI", "GUI", "{ADE78BF5-47C3-4D29-B4F3-C088935960FD}"
EndProject
Project("{2150E333-8FDC-42A3-9474-1A3956D46DE8}") = "IO", "IO", "{22EAF32C-9029-42A6-8040-2E3338937ED7}"
EndProject
Project("{9A19103F-16F7-4668-BE54-9A1E7A4F7556}") = "WinCopies.GUI", "GUI\WinCopies.GUI\WinCopies.GUI.csproj", "{0DEF65EA-68D9-4698-A552-A94C636C4098}"
EndProject
Project("{9A19103F-16F7-4668-BE54-9A1E7A4F7556}") = "WinCopies.GUI.Controls", "GUI\WinCopies.GUI.Controls\WinCopies.GUI.Controls.csproj", "{2DFBF089-2586-4CB5-972A-767FFC24C8E7}"
EndProject
Project("{D954291E-2A0B-460D-934E-DC6B0785DB48}") = "WinCopies.GUI.Controls.Shared", "GUI\WinCopies.GUI.Controls.Shared\WinCopies.GUI.Controls.Shared.shproj", "{8E59282E-C7FB-44DC-8617-A1B2A932C5A9}"
EndProject
Project("{9A19103F-16F7-4668-BE54-9A1E7A4F7556}") = "WinCopies.GUI.Icons", "GUI\WinCopies.GUI.Icons\WinCopies.GUI.Icons.csproj", "{F9E951BA-4093-4307-9FE1-BFE81F7F46D2}"
EndProject
Project("{9A19103F-16F7-4668-BE54-9A1E7A4F7556}") = "WinCopies.GUI.Models", "GUI\WinCopies.GUI.Models\WinCopies.GUI.Models.csproj", "{4A0C3A48-7F9C-4A7D-B23B-80A9D2404E01}"
EndProject
Project("{D954291E-2A0B-460D-934E-DC6B0785DB48}") = "WinCopies.GUI.Models.Shared", "GUI\WinCopies.GUI.Models.Shared\WinCopies.GUI.Models.Shared.shproj", "{A43AEE04-0665-4D64-A4B9-7FF1E471BF29}"
EndProject
Project("{D954291E-2A0B-460D-934E-DC6B0785DB48}") = "WinCopies.GUI.Shared", "GUI\WinCopies.GUI.Shared\WinCopies.GUI.Shared.shproj", "{3AAF402A-7C4A-455F-8F42-6F4F13C5E185}"
EndProject
Project("{9A19103F-16F7-4668-BE54-9A1E7A4F7556}") = "WinCopies.GUI.Templates", "GUI\WinCopies.GUI.Templates\WinCopies.GUI.Templates.csproj", "{5499CE56-BB88-474B-AF00-AE7A57E4D2A9}"
EndProject
Project("{D954291E-2A0B-460D-934E-DC6B0785DB48}") = "WinCopies.GUI.Templates.Shared", "GUI\WinCopies.GUI.Templates.Shared\WinCopies.GUI.Templates.Shared.shproj", "{1AF939A9-D753-48E4-B114-FB59E5F3F7FB}"
EndProject
Project("{9A19103F-16F7-4668-BE54-9A1E7A4F7556}") = "WinCopies.GUI.ViewModels", "GUI\WinCopies.GUI.ViewModels\WinCopies.GUI.ViewModels.csproj", "{D5B59647-738B-4239-96F4-68CDE29E8BEE}"
EndProject
Project("{D954291E-2A0B-460D-934E-DC6B0785DB48}") = "WinCopies.GUI.ViewModels.Shared", "GUI\WinCopies.GUI.ViewModels.Shared\WinCopies.GUI.ViewModels.Shared.shproj", "{589FCD51-85A1-46FF-AB94-3CDD133F92DE}"
EndProject
Project("{9A19103F-16F7-4668-BE54-9A1E7A4F7556}") = "WinCopies.GUI.Windows", "GUI\WinCopies.GUI.Windows\WinCopies.GUI.Windows.csproj", "{D65CA1BE-66E1-4DBF-9B7A-53E85F09CC80}"
EndProject
Project("{D954291E-2A0B-460D-934E-DC6B0785DB48}") = "WinCopies.GUI.Windows.Shared", "GUI\WinCopies.GUI.Windows.Shared\WinCopies.GUI.Windows.Shared.shproj", "{3FA63940-0513-455D-A3D1-FBA954C22869}"
EndProject
Project("{9A19103F-16F7-4668-BE54-9A1E7A4F7556}") = "WinCopies.GUI.IO", "IO\WinCopies.GUI.IO\WinCopies.GUI.IO.csproj", "{0E16C50A-352A-41E2-ADAA-E975752C6046}"
EndProject
Project("{D954291E-2A0B-460D-934E-DC6B0785DB48}") = "WinCopies.GUI.IO.Shared", "IO\WinCopies.GUI.IO.Shared\WinCopies.GUI.IO.Shared.shproj", "{690260B7-F85D-481E-9527-0A6034E39053}"
EndProject
Project("{9A19103F-16F7-4668-BE54-9A1E7A4F7556}") = "WinCopies.IO", "IO\WinCopies.IO\WinCopies.IO.csproj", "{DBC6761D-3117-41CA-8B22-AD99C908F82E}"
EndProject
Project("{D954291E-2A0B-460D-934E-DC6B0785DB48}") = "WinCopies.IO.Shared", "IO\WinCopies.IO.Shared\WinCopies.IO.Shared.shproj", "{5C6A8E8F-21AB-4C80-B898-5FB090CB72BD}"
EndProject
Project("{9A19103F-16F7-4668-BE54-9A1E7A4F7556}") = "WinCopies.IO.2.x", "IO\WinCopies.IO.2.x\WinCopies.IO.2.x.csproj", "{B77A3487-8866-463E-A30A-AE7439AC9F5A}"
EndProject
Project("{9A19103F-16F7-4668-BE54-9A1E7A4F7556}") = "WinCopies.GUI.IO.2.x", "IO\WinCopies.GUI.IO.2.x\WinCopies.GUI.IO.2.x.csproj", "{1976AC5F-0C61-4BC8-99F7-D8F3CF7AA48A}"
EndProject
Project("{9A19103F-16F7-4668-BE54-9A1E7A4F7556}") = "WinCopies.GUI.Drawing", "GUI\WinCopies.GUI.Drawing\WinCopies.GUI.Drawing.csproj", "{ABF2FBE7-3AD4-4A53-BDD1-FB2752EFF9B7}"
EndProject
Project("{2150E333-8FDC-42A3-9474-1A3956D46DE8}") = "2.x", "2.x", "{B8920355-24C9-4942-AA25-346A5D343889}"
EndProject
Project("{D954291E-2A0B-460D-934E-DC6B0785DB48}") = "WinCopies.GUI.Drawing.Shared", "GUI\WinCopies.GUI.Drawing.Shared\WinCopies.GUI.Drawing.Shared.shproj", "{F96F9167-8D67-49F6-A4FB-CFFD49725150}"
EndProject
Project("{2150E333-8FDC-42A3-9474-1A3956D46DE8}") = "IconExtractor", "IconExtractor", "{F627B13A-0F3E-4583-9834-C6051A61121E}"
EndProject
Project("{9A19103F-16F7-4668-BE54-9A1E7A4F7556}") = "SampleApp", "..\Samples\IconExtractor\SampleApp\SampleApp.csproj", "{7428C2FF-8312-4A57-BD5A-067C13747B2B}"
EndProject
Project("{9A19103F-16F7-4668-BE54-9A1E7A4F7556}") = "WinCopies.GUI.Drawing.2.x", "GUI\2.x\WinCopies.GUI.Drawing.2.x\WinCopies.GUI.Drawing.2.x.csproj", "{DC669F4F-C447-467E-AB81-249350F7F71B}"
EndProject
Project("{2150E333-8FDC-42A3-9474-1A3956D46DE8}") = "IconLib", "IconLib", "{EBDF6371-DCFB-42CF-AED7-EFFFEDE0CF1C}"
EndProject
Project("{9A19103F-16F7-4668-BE54-9A1E7A4F7556}") = "MultiIcon", "..\Samples\IconLib\MultiIcon\MultiIcon.csproj", "{540431B2-6804-48D9-BA96-02B483E00202}"
EndProject
Project("{9A19103F-16F7-4668-BE54-9A1E7A4F7556}") = "WinCopies.GUI.Controls.2.x", "GUI\2.x\WinCopies.GUI.Controls.2.x\WinCopies.GUI.Controls.2.x.csproj", "{013665C8-9A0D-421F-BF7B-185EBE5DCFE5}"
EndProject
Project("{9A19103F-16F7-4668-BE54-9A1E7A4F7556}") = "WinCopies.GUI.2.x", "GUI\2.x\WinCopies.GUI.2.x\WinCopies.GUI.2.x.csproj", "{048ACFCE-B352-4DA8-AB38-6349F907F1CC}"
EndProject
Project("{9A19103F-16F7-4668-BE54-9A1E7A4F7556}") = "WinCopies.GUI.Icons.2.x", "GUI\2.x\WinCopies.GUI.Icons.2.x\WinCopies.GUI.Icons.2.x.csproj", "{34ADCBBE-0FD4-48BD-81DF-B6C70DD5E88D}"
EndProject
Project("{9A19103F-16F7-4668-BE54-9A1E7A4F7556}") = "WinCopies.GUI.Models.2.x", "GUI\2.x\WinCopies.GUI.Models.2.x\WinCopies.GUI.Models.2.x.csproj", "{6D1A7A40-9F3D-49E3-B488-A2208A964247}"
EndProject
Project("{9A19103F-16F7-4668-BE54-9A1E7A4F7556}") = "WinCopies.GUI.Templates.2.x", "GUI\2.x\WinCopies.GUI.Templates.2.x\WinCopies.GUI.Templates.2.x.csproj", "{3CEB01F0-1F29-4C79-B6DB-029F986DADCF}"
EndProject
Project("{9A19103F-16F7-4668-BE54-9A1E7A4F7556}") = "WinCopies.GUI.ViewModels.2.x", "GUI\2.x\WinCopies.GUI.ViewModels.2.x\WinCopies.GUI.ViewModels.2.x.csproj", "{D4B2D9CB-818D-4A41-8C0F-A64B501678C1}"
EndProject
Project("{9A19103F-16F7-4668-BE54-9A1E7A4F7556}") = "WinCopies.GUI.Windows.2.x", "GUI\2.x\WinCopies.GUI.Windows.2.x\WinCopies.GUI.Windows.2.x.csproj", "{30BAAFEE-C5F4-460F-A254-74C5BAB7DFCA}"
EndProject
Project("{D954291E-2A0B-460D-934E-DC6B0785DB48}") = "WinCopies.Util.Temp.Shared", "WinCopies.Util.Temp.Shared\WinCopies.Util.Temp.Shared.shproj", "{971FCA65-9999-4B74-BDDE-947BC38435F0}"
EndProject
Project("{FAE04EC0-301F-11D3-BF4B-00C04F79EFBC}") = "WinCopies.Util.Temp.2.x", "WinCopies.Util.Temp.2.x\WinCopies.Util.Temp.2.x.csproj", "{4243D5E1-AE30-4B3D-8D0A-06F3FCBDA26C}"
EndProject
Global
	GlobalSection(SharedMSBuildProjectFiles) = preSolution
		GUI\WinCopies.GUI.Controls.Shared\WinCopies.GUI.Controls.Shared.projitems*{013665c8-9a0d-421f-bf7b-185ebe5dcfe5}*SharedItemsImports = 5
		GUI\WinCopies.GUI.Shared\WinCopies.GUI.Shared.projitems*{048acfce-b352-4da8-ab38-6349f907f1cc}*SharedItemsImports = 5
		GUI\WinCopies.GUI.Shared\WinCopies.GUI.Shared.projitems*{0def65ea-68d9-4698-a552-a94c636c4098}*SharedItemsImports = 5
		IO\WinCopies.GUI.IO.Shared\WinCopies.GUI.IO.Shared.projitems*{0e16c50a-352a-41e2-adaa-e975752c6046}*SharedItemsImports = 5
		WinCopies.Data.Shared\WinCopies.Data.Shared.projitems*{0ea8f0f5-12a8-4f14-bf17-5422e25ed835}*SharedItemsImports = 13
		IO\WinCopies.GUI.IO.Shared\WinCopies.GUI.IO.Shared.projitems*{1976ac5f-0c61-4bc8-99f7-d8f3cf7aa48a}*SharedItemsImports = 5
		GUI\WinCopies.GUI.Templates.Shared\WinCopies.GUI.Templates.Shared.projitems*{1af939a9-d753-48e4-b114-fb59e5f3f7fb}*SharedItemsImports = 13
		WinCopies.Data.Shared\WinCopies.Data.Shared.projitems*{2dca5922-4c4c-418b-8320-dde70e7d6e73}*SharedItemsImports = 5
		GUI\WinCopies.GUI.Controls.Shared\WinCopies.GUI.Controls.Shared.projitems*{2dfbf089-2586-4cb5-972a-767ffc24c8e7}*SharedItemsImports = 5
		GUI\WinCopies.GUI.Windows.Shared\WinCopies.GUI.Windows.Shared.projitems*{30baafee-c5f4-460f-a254-74c5bab7dfca}*SharedItemsImports = 5
		GUI\WinCopies.GUI.Shared\WinCopies.GUI.Shared.projitems*{3aaf402a-7c4a-455f-8f42-6f4f13c5e185}*SharedItemsImports = 13
		GUI\WinCopies.GUI.Templates.Shared\WinCopies.GUI.Templates.Shared.projitems*{3ceb01f0-1f29-4c79-b6db-029f986dadcf}*SharedItemsImports = 5
		GUI\WinCopies.GUI.Windows.Shared\WinCopies.GUI.Windows.Shared.projitems*{3fa63940-0513-455d-a3d1-fba954c22869}*SharedItemsImports = 13
		WinCopies.Util.Temp.Shared\WinCopies.Util.Temp.Shared.projitems*{4243d5e1-ae30-4b3d-8d0a-06f3fcbda26c}*SharedItemsImports = 5
		GUI\WinCopies.GUI.Models.Shared\WinCopies.GUI.Models.Shared.projitems*{4a0c3a48-7f9c-4a7d-b23b-80a9d2404e01}*SharedItemsImports = 5
		GUI\WinCopies.GUI.Templates.Shared\WinCopies.GUI.Templates.Shared.projitems*{5499ce56-bb88-474b-af00-ae7a57e4d2a9}*SharedItemsImports = 5
		GUI\WinCopies.GUI.ViewModels.Shared\WinCopies.GUI.ViewModels.Shared.projitems*{589fcd51-85a1-46ff-ab94-3cdd133f92de}*SharedItemsImports = 13
		IO\WinCopies.IO.Shared\WinCopies.IO.Shared.projitems*{5c6a8e8f-21ab-4c80-b898-5fb090cb72bd}*SharedItemsImports = 13
		IO\WinCopies.GUI.IO.Shared\WinCopies.GUI.IO.Shared.projitems*{690260b7-f85d-481e-9527-0a6034e39053}*SharedItemsImports = 13
		GUI\WinCopies.GUI.Models.Shared\WinCopies.GUI.Models.Shared.projitems*{6d1a7a40-9f3d-49e3-b488-a2208a964247}*SharedItemsImports = 5
		GUI\WinCopies.GUI.Controls.Shared\WinCopies.GUI.Controls.Shared.projitems*{8e59282e-c7fb-44dc-8617-a1b2a932c5a9}*SharedItemsImports = 13
		WinCopies.Util.Temp.Shared\WinCopies.Util.Temp.Shared.projitems*{971fca65-9999-4b74-bdde-947bc38435f0}*SharedItemsImports = 13
		GUI\WinCopies.GUI.Models.Shared\WinCopies.GUI.Models.Shared.projitems*{a43aee04-0665-4d64-a4b9-7ff1e471bf29}*SharedItemsImports = 13
		GUI\WinCopies.GUI.Drawing.Shared\WinCopies.GUI.Drawing.Shared.projitems*{abf2fbe7-3ad4-4a53-bdd1-fb2752eff9b7}*SharedItemsImports = 5
		WinCopies.Util.Temp.Shared\WinCopies.Util.Temp.Shared.projitems*{afb0d464-844b-4797-8539-35113326be32}*SharedItemsImports = 5
		IO\WinCopies.IO.Shared\WinCopies.IO.Shared.projitems*{b77a3487-8866-463e-a30a-ae7439ac9f5a}*SharedItemsImports = 5
		GUI\WinCopies.GUI.ViewModels.Shared\WinCopies.GUI.ViewModels.Shared.projitems*{d4b2d9cb-818d-4a41-8c0f-a64b501678c1}*SharedItemsImports = 5
		GUI\WinCopies.GUI.ViewModels.Shared\WinCopies.GUI.ViewModels.Shared.projitems*{d5b59647-738b-4239-96f4-68cde29e8bee}*SharedItemsImports = 5
		GUI\WinCopies.GUI.Windows.Shared\WinCopies.GUI.Windows.Shared.projitems*{d65ca1be-66e1-4dbf-9b7a-53e85f09cc80}*SharedItemsImports = 5
		IO\WinCopies.IO.Shared\WinCopies.IO.Shared.projitems*{dbc6761d-3117-41ca-8b22-ad99c908f82e}*SharedItemsImports = 5
		GUI\WinCopies.GUI.Drawing.Shared\WinCopies.GUI.Drawing.Shared.projitems*{dc669f4f-c447-467e-ab81-249350f7f71b}*SharedItemsImports = 5
		GUI\WinCopies.GUI.Drawing.Shared\WinCopies.GUI.Drawing.Shared.projitems*{f96f9167-8d67-49f6-a4fb-cffd49725150}*SharedItemsImports = 13
	EndGlobalSection
	GlobalSection(SolutionConfigurationPlatforms) = preSolution
		Debug|Any CPU = Debug|Any CPU
		Debug|x64 = Debug|x64
		Release|Any CPU = Release|Any CPU
		Release|x64 = Release|x64
	EndGlobalSection
	GlobalSection(ProjectConfigurationPlatforms) = postSolution
		{2DCA5922-4C4C-418B-8320-DDE70E7D6E73}.Debug|Any CPU.ActiveCfg = Debug|Any CPU
		{2DCA5922-4C4C-418B-8320-DDE70E7D6E73}.Debug|Any CPU.Build.0 = Debug|Any CPU
		{2DCA5922-4C4C-418B-8320-DDE70E7D6E73}.Debug|x64.ActiveCfg = Debug|Any CPU
		{2DCA5922-4C4C-418B-8320-DDE70E7D6E73}.Debug|x64.Build.0 = Debug|Any CPU
		{2DCA5922-4C4C-418B-8320-DDE70E7D6E73}.Release|Any CPU.ActiveCfg = Release|Any CPU
		{2DCA5922-4C4C-418B-8320-DDE70E7D6E73}.Release|Any CPU.Build.0 = Release|Any CPU
		{2DCA5922-4C4C-418B-8320-DDE70E7D6E73}.Release|x64.ActiveCfg = Release|Any CPU
		{2DCA5922-4C4C-418B-8320-DDE70E7D6E73}.Release|x64.Build.0 = Release|Any CPU
		{4CAFBD2F-AB7A-4401-A099-5720D7796A3D}.Debug|Any CPU.ActiveCfg = Debug|Any CPU
		{4CAFBD2F-AB7A-4401-A099-5720D7796A3D}.Debug|Any CPU.Build.0 = Debug|Any CPU
		{4CAFBD2F-AB7A-4401-A099-5720D7796A3D}.Debug|x64.ActiveCfg = Debug|Any CPU
		{4CAFBD2F-AB7A-4401-A099-5720D7796A3D}.Debug|x64.Build.0 = Debug|Any CPU
		{4CAFBD2F-AB7A-4401-A099-5720D7796A3D}.Release|Any CPU.ActiveCfg = Release|Any CPU
		{4CAFBD2F-AB7A-4401-A099-5720D7796A3D}.Release|Any CPU.Build.0 = Release|Any CPU
		{4CAFBD2F-AB7A-4401-A099-5720D7796A3D}.Release|x64.ActiveCfg = Release|Any CPU
		{4CAFBD2F-AB7A-4401-A099-5720D7796A3D}.Release|x64.Build.0 = Release|Any CPU
		{AFB0D464-844B-4797-8539-35113326BE32}.Debug|Any CPU.ActiveCfg = Debug|Any CPU
		{AFB0D464-844B-4797-8539-35113326BE32}.Debug|Any CPU.Build.0 = Debug|Any CPU
		{AFB0D464-844B-4797-8539-35113326BE32}.Debug|x64.ActiveCfg = Debug|Any CPU
		{AFB0D464-844B-4797-8539-35113326BE32}.Debug|x64.Build.0 = Debug|Any CPU
		{AFB0D464-844B-4797-8539-35113326BE32}.Release|Any CPU.ActiveCfg = Release|Any CPU
		{AFB0D464-844B-4797-8539-35113326BE32}.Release|Any CPU.Build.0 = Release|Any CPU
		{AFB0D464-844B-4797-8539-35113326BE32}.Release|x64.ActiveCfg = Release|Any CPU
		{AFB0D464-844B-4797-8539-35113326BE32}.Release|x64.Build.0 = Release|Any CPU
		{0DEF65EA-68D9-4698-A552-A94C636C4098}.Debug|Any CPU.ActiveCfg = Debug|Any CPU
		{0DEF65EA-68D9-4698-A552-A94C636C4098}.Debug|Any CPU.Build.0 = Debug|Any CPU
		{0DEF65EA-68D9-4698-A552-A94C636C4098}.Debug|x64.ActiveCfg = Debug|Any CPU
		{0DEF65EA-68D9-4698-A552-A94C636C4098}.Debug|x64.Build.0 = Debug|Any CPU
		{0DEF65EA-68D9-4698-A552-A94C636C4098}.Release|Any CPU.ActiveCfg = Release|Any CPU
		{0DEF65EA-68D9-4698-A552-A94C636C4098}.Release|Any CPU.Build.0 = Release|Any CPU
		{0DEF65EA-68D9-4698-A552-A94C636C4098}.Release|x64.ActiveCfg = Release|Any CPU
		{0DEF65EA-68D9-4698-A552-A94C636C4098}.Release|x64.Build.0 = Release|Any CPU
		{2DFBF089-2586-4CB5-972A-767FFC24C8E7}.Debug|Any CPU.ActiveCfg = Debug|Any CPU
		{2DFBF089-2586-4CB5-972A-767FFC24C8E7}.Debug|Any CPU.Build.0 = Debug|Any CPU
		{2DFBF089-2586-4CB5-972A-767FFC24C8E7}.Debug|x64.ActiveCfg = Debug|Any CPU
		{2DFBF089-2586-4CB5-972A-767FFC24C8E7}.Debug|x64.Build.0 = Debug|Any CPU
		{2DFBF089-2586-4CB5-972A-767FFC24C8E7}.Release|Any CPU.ActiveCfg = Release|Any CPU
		{2DFBF089-2586-4CB5-972A-767FFC24C8E7}.Release|Any CPU.Build.0 = Release|Any CPU
		{2DFBF089-2586-4CB5-972A-767FFC24C8E7}.Release|x64.ActiveCfg = Release|Any CPU
		{2DFBF089-2586-4CB5-972A-767FFC24C8E7}.Release|x64.Build.0 = Release|Any CPU
		{F9E951BA-4093-4307-9FE1-BFE81F7F46D2}.Debug|Any CPU.ActiveCfg = Debug|Any CPU
		{F9E951BA-4093-4307-9FE1-BFE81F7F46D2}.Debug|Any CPU.Build.0 = Debug|Any CPU
		{F9E951BA-4093-4307-9FE1-BFE81F7F46D2}.Debug|x64.ActiveCfg = Debug|Any CPU
		{F9E951BA-4093-4307-9FE1-BFE81F7F46D2}.Debug|x64.Build.0 = Debug|Any CPU
		{F9E951BA-4093-4307-9FE1-BFE81F7F46D2}.Release|Any CPU.ActiveCfg = Release|Any CPU
		{F9E951BA-4093-4307-9FE1-BFE81F7F46D2}.Release|Any CPU.Build.0 = Release|Any CPU
		{F9E951BA-4093-4307-9FE1-BFE81F7F46D2}.Release|x64.ActiveCfg = Release|Any CPU
		{F9E951BA-4093-4307-9FE1-BFE81F7F46D2}.Release|x64.Build.0 = Release|Any CPU
		{4A0C3A48-7F9C-4A7D-B23B-80A9D2404E01}.Debug|Any CPU.ActiveCfg = Debug|Any CPU
		{4A0C3A48-7F9C-4A7D-B23B-80A9D2404E01}.Debug|Any CPU.Build.0 = Debug|Any CPU
		{4A0C3A48-7F9C-4A7D-B23B-80A9D2404E01}.Debug|x64.ActiveCfg = Debug|Any CPU
		{4A0C3A48-7F9C-4A7D-B23B-80A9D2404E01}.Debug|x64.Build.0 = Debug|Any CPU
		{4A0C3A48-7F9C-4A7D-B23B-80A9D2404E01}.Release|Any CPU.ActiveCfg = Release|Any CPU
		{4A0C3A48-7F9C-4A7D-B23B-80A9D2404E01}.Release|Any CPU.Build.0 = Release|Any CPU
		{4A0C3A48-7F9C-4A7D-B23B-80A9D2404E01}.Release|x64.ActiveCfg = Release|Any CPU
		{4A0C3A48-7F9C-4A7D-B23B-80A9D2404E01}.Release|x64.Build.0 = Release|Any CPU
		{5499CE56-BB88-474B-AF00-AE7A57E4D2A9}.Debug|Any CPU.ActiveCfg = Debug|Any CPU
		{5499CE56-BB88-474B-AF00-AE7A57E4D2A9}.Debug|Any CPU.Build.0 = Debug|Any CPU
		{5499CE56-BB88-474B-AF00-AE7A57E4D2A9}.Debug|x64.ActiveCfg = Debug|Any CPU
		{5499CE56-BB88-474B-AF00-AE7A57E4D2A9}.Debug|x64.Build.0 = Debug|Any CPU
		{5499CE56-BB88-474B-AF00-AE7A57E4D2A9}.Release|Any CPU.ActiveCfg = Release|Any CPU
		{5499CE56-BB88-474B-AF00-AE7A57E4D2A9}.Release|Any CPU.Build.0 = Release|Any CPU
		{5499CE56-BB88-474B-AF00-AE7A57E4D2A9}.Release|x64.ActiveCfg = Release|Any CPU
		{5499CE56-BB88-474B-AF00-AE7A57E4D2A9}.Release|x64.Build.0 = Release|Any CPU
		{D5B59647-738B-4239-96F4-68CDE29E8BEE}.Debug|Any CPU.ActiveCfg = Debug|Any CPU
		{D5B59647-738B-4239-96F4-68CDE29E8BEE}.Debug|Any CPU.Build.0 = Debug|Any CPU
		{D5B59647-738B-4239-96F4-68CDE29E8BEE}.Debug|x64.ActiveCfg = Debug|Any CPU
		{D5B59647-738B-4239-96F4-68CDE29E8BEE}.Debug|x64.Build.0 = Debug|Any CPU
		{D5B59647-738B-4239-96F4-68CDE29E8BEE}.Release|Any CPU.ActiveCfg = Release|Any CPU
		{D5B59647-738B-4239-96F4-68CDE29E8BEE}.Release|Any CPU.Build.0 = Release|Any CPU
		{D5B59647-738B-4239-96F4-68CDE29E8BEE}.Release|x64.ActiveCfg = Release|Any CPU
		{D5B59647-738B-4239-96F4-68CDE29E8BEE}.Release|x64.Build.0 = Release|Any CPU
		{D65CA1BE-66E1-4DBF-9B7A-53E85F09CC80}.Debug|Any CPU.ActiveCfg = Debug|Any CPU
		{D65CA1BE-66E1-4DBF-9B7A-53E85F09CC80}.Debug|Any CPU.Build.0 = Debug|Any CPU
		{D65CA1BE-66E1-4DBF-9B7A-53E85F09CC80}.Debug|x64.ActiveCfg = Debug|Any CPU
		{D65CA1BE-66E1-4DBF-9B7A-53E85F09CC80}.Debug|x64.Build.0 = Debug|Any CPU
		{D65CA1BE-66E1-4DBF-9B7A-53E85F09CC80}.Release|Any CPU.ActiveCfg = Release|Any CPU
		{D65CA1BE-66E1-4DBF-9B7A-53E85F09CC80}.Release|Any CPU.Build.0 = Release|Any CPU
		{D65CA1BE-66E1-4DBF-9B7A-53E85F09CC80}.Release|x64.ActiveCfg = Release|Any CPU
		{D65CA1BE-66E1-4DBF-9B7A-53E85F09CC80}.Release|x64.Build.0 = Release|Any CPU
		{0E16C50A-352A-41E2-ADAA-E975752C6046}.Debug|Any CPU.ActiveCfg = Debug|Any CPU
		{0E16C50A-352A-41E2-ADAA-E975752C6046}.Debug|Any CPU.Build.0 = Debug|Any CPU
		{0E16C50A-352A-41E2-ADAA-E975752C6046}.Debug|x64.ActiveCfg = Debug|Any CPU
		{0E16C50A-352A-41E2-ADAA-E975752C6046}.Debug|x64.Build.0 = Debug|Any CPU
		{0E16C50A-352A-41E2-ADAA-E975752C6046}.Release|Any CPU.ActiveCfg = Release|Any CPU
		{0E16C50A-352A-41E2-ADAA-E975752C6046}.Release|Any CPU.Build.0 = Release|Any CPU
		{0E16C50A-352A-41E2-ADAA-E975752C6046}.Release|x64.ActiveCfg = Release|Any CPU
		{0E16C50A-352A-41E2-ADAA-E975752C6046}.Release|x64.Build.0 = Release|Any CPU
		{DBC6761D-3117-41CA-8B22-AD99C908F82E}.Debug|Any CPU.ActiveCfg = Debug|Any CPU
		{DBC6761D-3117-41CA-8B22-AD99C908F82E}.Debug|Any CPU.Build.0 = Debug|Any CPU
		{DBC6761D-3117-41CA-8B22-AD99C908F82E}.Debug|x64.ActiveCfg = Debug|Any CPU
		{DBC6761D-3117-41CA-8B22-AD99C908F82E}.Debug|x64.Build.0 = Debug|Any CPU
		{DBC6761D-3117-41CA-8B22-AD99C908F82E}.Release|Any CPU.ActiveCfg = Release|Any CPU
		{DBC6761D-3117-41CA-8B22-AD99C908F82E}.Release|Any CPU.Build.0 = Release|Any CPU
		{DBC6761D-3117-41CA-8B22-AD99C908F82E}.Release|x64.ActiveCfg = Release|Any CPU
		{DBC6761D-3117-41CA-8B22-AD99C908F82E}.Release|x64.Build.0 = Release|Any CPU
		{B77A3487-8866-463E-A30A-AE7439AC9F5A}.Debug|Any CPU.ActiveCfg = Debug|Any CPU
		{B77A3487-8866-463E-A30A-AE7439AC9F5A}.Debug|Any CPU.Build.0 = Debug|Any CPU
		{B77A3487-8866-463E-A30A-AE7439AC9F5A}.Debug|x64.ActiveCfg = Debug|Any CPU
		{B77A3487-8866-463E-A30A-AE7439AC9F5A}.Debug|x64.Build.0 = Debug|Any CPU
		{B77A3487-8866-463E-A30A-AE7439AC9F5A}.Release|Any CPU.ActiveCfg = Release|Any CPU
		{B77A3487-8866-463E-A30A-AE7439AC9F5A}.Release|Any CPU.Build.0 = Release|Any CPU
		{B77A3487-8866-463E-A30A-AE7439AC9F5A}.Release|x64.ActiveCfg = Release|Any CPU
		{B77A3487-8866-463E-A30A-AE7439AC9F5A}.Release|x64.Build.0 = Release|Any CPU
		{1976AC5F-0C61-4BC8-99F7-D8F3CF7AA48A}.Debug|Any CPU.ActiveCfg = Debug|Any CPU
		{1976AC5F-0C61-4BC8-99F7-D8F3CF7AA48A}.Debug|Any CPU.Build.0 = Debug|Any CPU
		{1976AC5F-0C61-4BC8-99F7-D8F3CF7AA48A}.Debug|x64.ActiveCfg = Debug|Any CPU
		{1976AC5F-0C61-4BC8-99F7-D8F3CF7AA48A}.Debug|x64.Build.0 = Debug|Any CPU
		{1976AC5F-0C61-4BC8-99F7-D8F3CF7AA48A}.Release|Any CPU.ActiveCfg = Release|Any CPU
		{1976AC5F-0C61-4BC8-99F7-D8F3CF7AA48A}.Release|Any CPU.Build.0 = Release|Any CPU
		{1976AC5F-0C61-4BC8-99F7-D8F3CF7AA48A}.Release|x64.ActiveCfg = Release|Any CPU
		{1976AC5F-0C61-4BC8-99F7-D8F3CF7AA48A}.Release|x64.Build.0 = Release|Any CPU
		{ABF2FBE7-3AD4-4A53-BDD1-FB2752EFF9B7}.Debug|Any CPU.ActiveCfg = Debug|Any CPU
		{ABF2FBE7-3AD4-4A53-BDD1-FB2752EFF9B7}.Debug|Any CPU.Build.0 = Debug|Any CPU
		{ABF2FBE7-3AD4-4A53-BDD1-FB2752EFF9B7}.Debug|x64.ActiveCfg = Debug|Any CPU
		{ABF2FBE7-3AD4-4A53-BDD1-FB2752EFF9B7}.Debug|x64.Build.0 = Debug|Any CPU
		{ABF2FBE7-3AD4-4A53-BDD1-FB2752EFF9B7}.Release|Any CPU.ActiveCfg = Release|Any CPU
		{ABF2FBE7-3AD4-4A53-BDD1-FB2752EFF9B7}.Release|Any CPU.Build.0 = Release|Any CPU
		{ABF2FBE7-3AD4-4A53-BDD1-FB2752EFF9B7}.Release|x64.ActiveCfg = Release|Any CPU
		{ABF2FBE7-3AD4-4A53-BDD1-FB2752EFF9B7}.Release|x64.Build.0 = Release|Any CPU
		{7428C2FF-8312-4A57-BD5A-067C13747B2B}.Debug|Any CPU.ActiveCfg = Debug|Any CPU
		{7428C2FF-8312-4A57-BD5A-067C13747B2B}.Debug|Any CPU.Build.0 = Debug|Any CPU
		{7428C2FF-8312-4A57-BD5A-067C13747B2B}.Debug|x64.ActiveCfg = Debug|Any CPU
		{7428C2FF-8312-4A57-BD5A-067C13747B2B}.Debug|x64.Build.0 = Debug|Any CPU
		{7428C2FF-8312-4A57-BD5A-067C13747B2B}.Release|Any CPU.ActiveCfg = Release|Any CPU
		{7428C2FF-8312-4A57-BD5A-067C13747B2B}.Release|Any CPU.Build.0 = Release|Any CPU
		{7428C2FF-8312-4A57-BD5A-067C13747B2B}.Release|x64.ActiveCfg = Release|Any CPU
		{7428C2FF-8312-4A57-BD5A-067C13747B2B}.Release|x64.Build.0 = Release|Any CPU
		{DC669F4F-C447-467E-AB81-249350F7F71B}.Debug|Any CPU.ActiveCfg = Debug|Any CPU
		{DC669F4F-C447-467E-AB81-249350F7F71B}.Debug|Any CPU.Build.0 = Debug|Any CPU
		{DC669F4F-C447-467E-AB81-249350F7F71B}.Debug|x64.ActiveCfg = Debug|Any CPU
		{DC669F4F-C447-467E-AB81-249350F7F71B}.Debug|x64.Build.0 = Debug|Any CPU
		{DC669F4F-C447-467E-AB81-249350F7F71B}.Release|Any CPU.ActiveCfg = Release|Any CPU
		{DC669F4F-C447-467E-AB81-249350F7F71B}.Release|Any CPU.Build.0 = Release|Any CPU
		{DC669F4F-C447-467E-AB81-249350F7F71B}.Release|x64.ActiveCfg = Release|Any CPU
		{DC669F4F-C447-467E-AB81-249350F7F71B}.Release|x64.Build.0 = Release|Any CPU
		{540431B2-6804-48D9-BA96-02B483E00202}.Debug|Any CPU.ActiveCfg = Debug|Any CPU
		{540431B2-6804-48D9-BA96-02B483E00202}.Debug|Any CPU.Build.0 = Debug|Any CPU
		{540431B2-6804-48D9-BA96-02B483E00202}.Debug|x64.ActiveCfg = Debug|Any CPU
		{540431B2-6804-48D9-BA96-02B483E00202}.Debug|x64.Build.0 = Debug|Any CPU
		{540431B2-6804-48D9-BA96-02B483E00202}.Release|Any CPU.ActiveCfg = Release|Any CPU
		{540431B2-6804-48D9-BA96-02B483E00202}.Release|Any CPU.Build.0 = Release|Any CPU
		{540431B2-6804-48D9-BA96-02B483E00202}.Release|x64.ActiveCfg = Release|Any CPU
		{540431B2-6804-48D9-BA96-02B483E00202}.Release|x64.Build.0 = Release|Any CPU
		{013665C8-9A0D-421F-BF7B-185EBE5DCFE5}.Debug|Any CPU.ActiveCfg = Debug|Any CPU
		{013665C8-9A0D-421F-BF7B-185EBE5DCFE5}.Debug|Any CPU.Build.0 = Debug|Any CPU
		{013665C8-9A0D-421F-BF7B-185EBE5DCFE5}.Debug|x64.ActiveCfg = Debug|Any CPU
		{013665C8-9A0D-421F-BF7B-185EBE5DCFE5}.Debug|x64.Build.0 = Debug|Any CPU
		{013665C8-9A0D-421F-BF7B-185EBE5DCFE5}.Release|Any CPU.ActiveCfg = Release|Any CPU
		{013665C8-9A0D-421F-BF7B-185EBE5DCFE5}.Release|Any CPU.Build.0 = Release|Any CPU
		{013665C8-9A0D-421F-BF7B-185EBE5DCFE5}.Release|x64.ActiveCfg = Release|Any CPU
		{013665C8-9A0D-421F-BF7B-185EBE5DCFE5}.Release|x64.Build.0 = Release|Any CPU
		{048ACFCE-B352-4DA8-AB38-6349F907F1CC}.Debug|Any CPU.ActiveCfg = Debug|Any CPU
		{048ACFCE-B352-4DA8-AB38-6349F907F1CC}.Debug|Any CPU.Build.0 = Debug|Any CPU
		{048ACFCE-B352-4DA8-AB38-6349F907F1CC}.Debug|x64.ActiveCfg = Debug|Any CPU
		{048ACFCE-B352-4DA8-AB38-6349F907F1CC}.Debug|x64.Build.0 = Debug|Any CPU
		{048ACFCE-B352-4DA8-AB38-6349F907F1CC}.Release|Any CPU.ActiveCfg = Release|Any CPU
		{048ACFCE-B352-4DA8-AB38-6349F907F1CC}.Release|Any CPU.Build.0 = Release|Any CPU
		{048ACFCE-B352-4DA8-AB38-6349F907F1CC}.Release|x64.ActiveCfg = Release|Any CPU
		{048ACFCE-B352-4DA8-AB38-6349F907F1CC}.Release|x64.Build.0 = Release|Any CPU
		{34ADCBBE-0FD4-48BD-81DF-B6C70DD5E88D}.Debug|Any CPU.ActiveCfg = Debug|Any CPU
		{34ADCBBE-0FD4-48BD-81DF-B6C70DD5E88D}.Debug|Any CPU.Build.0 = Debug|Any CPU
		{34ADCBBE-0FD4-48BD-81DF-B6C70DD5E88D}.Debug|x64.ActiveCfg = Debug|Any CPU
		{34ADCBBE-0FD4-48BD-81DF-B6C70DD5E88D}.Debug|x64.Build.0 = Debug|Any CPU
		{34ADCBBE-0FD4-48BD-81DF-B6C70DD5E88D}.Release|Any CPU.ActiveCfg = Release|Any CPU
		{34ADCBBE-0FD4-48BD-81DF-B6C70DD5E88D}.Release|Any CPU.Build.0 = Release|Any CPU
		{34ADCBBE-0FD4-48BD-81DF-B6C70DD5E88D}.Release|x64.ActiveCfg = Release|Any CPU
		{34ADCBBE-0FD4-48BD-81DF-B6C70DD5E88D}.Release|x64.Build.0 = Release|Any CPU
		{6D1A7A40-9F3D-49E3-B488-A2208A964247}.Debug|Any CPU.ActiveCfg = Debug|Any CPU
		{6D1A7A40-9F3D-49E3-B488-A2208A964247}.Debug|Any CPU.Build.0 = Debug|Any CPU
		{6D1A7A40-9F3D-49E3-B488-A2208A964247}.Debug|x64.ActiveCfg = Debug|Any CPU
		{6D1A7A40-9F3D-49E3-B488-A2208A964247}.Debug|x64.Build.0 = Debug|Any CPU
		{6D1A7A40-9F3D-49E3-B488-A2208A964247}.Release|Any CPU.ActiveCfg = Release|Any CPU
		{6D1A7A40-9F3D-49E3-B488-A2208A964247}.Release|Any CPU.Build.0 = Release|Any CPU
		{6D1A7A40-9F3D-49E3-B488-A2208A964247}.Release|x64.ActiveCfg = Release|Any CPU
		{6D1A7A40-9F3D-49E3-B488-A2208A964247}.Release|x64.Build.0 = Release|Any CPU
		{3CEB01F0-1F29-4C79-B6DB-029F986DADCF}.Debug|Any CPU.ActiveCfg = Debug|Any CPU
		{3CEB01F0-1F29-4C79-B6DB-029F986DADCF}.Debug|Any CPU.Build.0 = Debug|Any CPU
		{3CEB01F0-1F29-4C79-B6DB-029F986DADCF}.Debug|x64.ActiveCfg = Debug|Any CPU
		{3CEB01F0-1F29-4C79-B6DB-029F986DADCF}.Debug|x64.Build.0 = Debug|Any CPU
		{3CEB01F0-1F29-4C79-B6DB-029F986DADCF}.Release|Any CPU.ActiveCfg = Release|Any CPU
		{3CEB01F0-1F29-4C79-B6DB-029F986DADCF}.Release|Any CPU.Build.0 = Release|Any CPU
		{3CEB01F0-1F29-4C79-B6DB-029F986DADCF}.Release|x64.ActiveCfg = Release|Any CPU
		{3CEB01F0-1F29-4C79-B6DB-029F986DADCF}.Release|x64.Build.0 = Release|Any CPU
		{D4B2D9CB-818D-4A41-8C0F-A64B501678C1}.Debug|Any CPU.ActiveCfg = Debug|Any CPU
		{D4B2D9CB-818D-4A41-8C0F-A64B501678C1}.Debug|Any CPU.Build.0 = Debug|Any CPU
		{D4B2D9CB-818D-4A41-8C0F-A64B501678C1}.Debug|x64.ActiveCfg = Debug|Any CPU
		{D4B2D9CB-818D-4A41-8C0F-A64B501678C1}.Debug|x64.Build.0 = Debug|Any CPU
		{D4B2D9CB-818D-4A41-8C0F-A64B501678C1}.Release|Any CPU.ActiveCfg = Release|Any CPU
		{D4B2D9CB-818D-4A41-8C0F-A64B501678C1}.Release|Any CPU.Build.0 = Release|Any CPU
		{D4B2D9CB-818D-4A41-8C0F-A64B501678C1}.Release|x64.ActiveCfg = Release|Any CPU
		{D4B2D9CB-818D-4A41-8C0F-A64B501678C1}.Release|x64.Build.0 = Release|Any CPU
		{30BAAFEE-C5F4-460F-A254-74C5BAB7DFCA}.Debug|Any CPU.ActiveCfg = Debug|Any CPU
		{30BAAFEE-C5F4-460F-A254-74C5BAB7DFCA}.Debug|Any CPU.Build.0 = Debug|Any CPU
		{30BAAFEE-C5F4-460F-A254-74C5BAB7DFCA}.Debug|x64.ActiveCfg = Debug|Any CPU
		{30BAAFEE-C5F4-460F-A254-74C5BAB7DFCA}.Debug|x64.Build.0 = Debug|Any CPU
		{30BAAFEE-C5F4-460F-A254-74C5BAB7DFCA}.Release|Any CPU.ActiveCfg = Release|Any CPU
		{30BAAFEE-C5F4-460F-A254-74C5BAB7DFCA}.Release|Any CPU.Build.0 = Release|Any CPU
		{30BAAFEE-C5F4-460F-A254-74C5BAB7DFCA}.Release|x64.ActiveCfg = Release|Any CPU
		{30BAAFEE-C5F4-460F-A254-74C5BAB7DFCA}.Release|x64.Build.0 = Release|Any CPU
		{4243D5E1-AE30-4B3D-8D0A-06F3FCBDA26C}.Debug|Any CPU.ActiveCfg = Debug|Any CPU
		{4243D5E1-AE30-4B3D-8D0A-06F3FCBDA26C}.Debug|Any CPU.Build.0 = Debug|Any CPU
		{4243D5E1-AE30-4B3D-8D0A-06F3FCBDA26C}.Debug|x64.ActiveCfg = Debug|Any CPU
		{4243D5E1-AE30-4B3D-8D0A-06F3FCBDA26C}.Debug|x64.Build.0 = Debug|Any CPU
		{4243D5E1-AE30-4B3D-8D0A-06F3FCBDA26C}.Release|Any CPU.ActiveCfg = Release|Any CPU
		{4243D5E1-AE30-4B3D-8D0A-06F3FCBDA26C}.Release|Any CPU.Build.0 = Release|Any CPU
		{4243D5E1-AE30-4B3D-8D0A-06F3FCBDA26C}.Release|x64.ActiveCfg = Release|Any CPU
		{4243D5E1-AE30-4B3D-8D0A-06F3FCBDA26C}.Release|x64.Build.0 = Release|Any CPU
	EndGlobalSection
	GlobalSection(SolutionProperties) = preSolution
		HideSolutionNode = FALSE
	EndGlobalSection
	GlobalSection(NestedProjects) = preSolution
		{4CAFBD2F-AB7A-4401-A099-5720D7796A3D} = {B43D9434-F1F2-483C-BF76-7C6A4F062594}
		{0DEF65EA-68D9-4698-A552-A94C636C4098} = {ADE78BF5-47C3-4D29-B4F3-C088935960FD}
		{2DFBF089-2586-4CB5-972A-767FFC24C8E7} = {ADE78BF5-47C3-4D29-B4F3-C088935960FD}
		{8E59282E-C7FB-44DC-8617-A1B2A932C5A9} = {ADE78BF5-47C3-4D29-B4F3-C088935960FD}
		{F9E951BA-4093-4307-9FE1-BFE81F7F46D2} = {ADE78BF5-47C3-4D29-B4F3-C088935960FD}
		{4A0C3A48-7F9C-4A7D-B23B-80A9D2404E01} = {ADE78BF5-47C3-4D29-B4F3-C088935960FD}
		{A43AEE04-0665-4D64-A4B9-7FF1E471BF29} = {ADE78BF5-47C3-4D29-B4F3-C088935960FD}
		{3AAF402A-7C4A-455F-8F42-6F4F13C5E185} = {ADE78BF5-47C3-4D29-B4F3-C088935960FD}
		{5499CE56-BB88-474B-AF00-AE7A57E4D2A9} = {ADE78BF5-47C3-4D29-B4F3-C088935960FD}
		{1AF939A9-D753-48E4-B114-FB59E5F3F7FB} = {ADE78BF5-47C3-4D29-B4F3-C088935960FD}
		{D5B59647-738B-4239-96F4-68CDE29E8BEE} = {ADE78BF5-47C3-4D29-B4F3-C088935960FD}
		{589FCD51-85A1-46FF-AB94-3CDD133F92DE} = {ADE78BF5-47C3-4D29-B4F3-C088935960FD}
		{D65CA1BE-66E1-4DBF-9B7A-53E85F09CC80} = {ADE78BF5-47C3-4D29-B4F3-C088935960FD}
		{3FA63940-0513-455D-A3D1-FBA954C22869} = {ADE78BF5-47C3-4D29-B4F3-C088935960FD}
		{0E16C50A-352A-41E2-ADAA-E975752C6046} = {22EAF32C-9029-42A6-8040-2E3338937ED7}
		{690260B7-F85D-481E-9527-0A6034E39053} = {22EAF32C-9029-42A6-8040-2E3338937ED7}
		{DBC6761D-3117-41CA-8B22-AD99C908F82E} = {22EAF32C-9029-42A6-8040-2E3338937ED7}
		{5C6A8E8F-21AB-4C80-B898-5FB090CB72BD} = {22EAF32C-9029-42A6-8040-2E3338937ED7}
		{B77A3487-8866-463E-A30A-AE7439AC9F5A} = {22EAF32C-9029-42A6-8040-2E3338937ED7}
		{1976AC5F-0C61-4BC8-99F7-D8F3CF7AA48A} = {22EAF32C-9029-42A6-8040-2E3338937ED7}
		{ABF2FBE7-3AD4-4A53-BDD1-FB2752EFF9B7} = {ADE78BF5-47C3-4D29-B4F3-C088935960FD}
		{B8920355-24C9-4942-AA25-346A5D343889} = {ADE78BF5-47C3-4D29-B4F3-C088935960FD}
		{F96F9167-8D67-49F6-A4FB-CFFD49725150} = {ADE78BF5-47C3-4D29-B4F3-C088935960FD}
		{F627B13A-0F3E-4583-9834-C6051A61121E} = {B43D9434-F1F2-483C-BF76-7C6A4F062594}
		{7428C2FF-8312-4A57-BD5A-067C13747B2B} = {F627B13A-0F3E-4583-9834-C6051A61121E}
		{DC669F4F-C447-467E-AB81-249350F7F71B} = {B8920355-24C9-4942-AA25-346A5D343889}
		{EBDF6371-DCFB-42CF-AED7-EFFFEDE0CF1C} = {B43D9434-F1F2-483C-BF76-7C6A4F062594}
		{540431B2-6804-48D9-BA96-02B483E00202} = {EBDF6371-DCFB-42CF-AED7-EFFFEDE0CF1C}
		{013665C8-9A0D-421F-BF7B-185EBE5DCFE5} = {B8920355-24C9-4942-AA25-346A5D343889}
		{048ACFCE-B352-4DA8-AB38-6349F907F1CC} = {B8920355-24C9-4942-AA25-346A5D343889}
		{34ADCBBE-0FD4-48BD-81DF-B6C70DD5E88D} = {B8920355-24C9-4942-AA25-346A5D343889}
		{6D1A7A40-9F3D-49E3-B488-A2208A964247} = {B8920355-24C9-4942-AA25-346A5D343889}
		{3CEB01F0-1F29-4C79-B6DB-029F986DADCF} = {B8920355-24C9-4942-AA25-346A5D343889}
		{D4B2D9CB-818D-4A41-8C0F-A64B501678C1} = {B8920355-24C9-4942-AA25-346A5D343889}
		{30BAAFEE-C5F4-460F-A254-74C5BAB7DFCA} = {B8920355-24C9-4942-AA25-346A5D343889}
	EndGlobalSection
	GlobalSection(ExtensibilityGlobals) = postSolution
		SolutionGuid = {75922CA2-98D5-4443-BE25-39062994E598}
	EndGlobalSection
EndGlobal
