
Microsoft Visual Studio Solution File, Format Version 12.00
# Visual Studio Version 17
VisualStudioVersion = 17.3.32714.290
MinimumVisualStudioVersion = 10.0.40219.1
Project("{2150E333-8FDC-42A3-9474-1A3956D46DE8}") = "Solution Items", "Solution Items", "{B1BF62C8-FAE0-4B11-A619-EF46429F4848}"
	ProjectSection(SolutionItems) = preProject
		..\Changelog.md = ..\Changelog.md
		Directory.Build.props = Directory.Build.props
		ExtraProperties.props = ExtraProperties.props
		..\README.md = ..\README.md
	EndProjectSection
EndProject
Project("{2150E333-8FDC-42A3-9474-1A3956D46DE8}") = "Current", "Current", "{37EC10AF-184E-4C3D-8B1E-9093F41A80A7}"
EndProject
Project("{2150E333-8FDC-42A3-9474-1A3956D46DE8}") = "Common", "Common", "{F5B11169-9C20-472D-91D4-35CC8E9327C9}"
EndProject
Project("{9A19103F-16F7-4668-BE54-9A1E7A4F7556}") = "WinCopies.Installer", "Current\Common\WinCopies.Installer\WinCopies.Installer.csproj", "{FF875BAF-FAB3-465F-9513-1B88804A2E24}"
EndProject
Project("{2150E333-8FDC-42A3-9474-1A3956D46DE8}") = "Console", "Console", "{5582F36B-14DA-4CC2-A554-A5940D99DDA4}"
EndProject
Project("{9A19103F-16F7-4668-BE54-9A1E7A4F7556}") = "WinCopies.Console", "Current\Console\WinCopies.Console\WinCopies.Console.csproj", "{54DCFE7C-0202-40FA-8D80-96BD473B3C41}"
EndProject
Project("{2150E333-8FDC-42A3-9474-1A3956D46DE8}") = "Data", "Data", "{5D0697C0-B66C-404D-A382-19D5157CE26C}"
EndProject
Project("{9A19103F-16F7-4668-BE54-9A1E7A4F7556}") = "WinCopies.Data.MySQL", "Current\Data\WinCopies.Data.MySQL\WinCopies.Data.MySQL.csproj", "{CFBC5CB2-E2F3-4F51-8C23-E07ABE295703}"
EndProject
Project("{9A19103F-16F7-4668-BE54-9A1E7A4F7556}") = "WinCopies.Data.SQL", "Current\Data\WinCopies.Data.SQL\WinCopies.Data.SQL.csproj", "{04724FB0-4E49-47CD-815D-CC25052E613D}"
EndProject
Project("{2150E333-8FDC-42A3-9474-1A3956D46DE8}") = "GUI", "GUI", "{B0A45E0F-A6D3-40C6-B0E7-DDA818BE6A9E}"
EndProject
Project("{9A19103F-16F7-4668-BE54-9A1E7A4F7556}") = "WinCopies.GUI.ViewModels", "Current\GUI\WinCopies.GUI.ViewModels\WinCopies.GUI.ViewModels.csproj", "{5F60DD9B-FBD7-4B5E-A385-051DC2C20848}"
EndProject
Project("{9A19103F-16F7-4668-BE54-9A1E7A4F7556}") = "WinCopies.GUI", "Current\GUI\WinCopies.GUI\WinCopies.GUI.csproj", "{1574F2B0-227A-4627-87CE-BEF0B12963A4}"
EndProject
Project("{9A19103F-16F7-4668-BE54-9A1E7A4F7556}") = "WinCopies.GUI.Templates", "Current\GUI\WinCopies.GUI.Templates\WinCopies.GUI.Templates.csproj", "{5A045909-094A-4C60-BB23-0D323C5AEC67}"
EndProject
Project("{9A19103F-16F7-4668-BE54-9A1E7A4F7556}") = "WinCopies.GUI.Models", "Current\GUI\WinCopies.GUI.Models\WinCopies.GUI.Models.csproj", "{9EE24938-B3C7-40BB-9BA6-DB311B83EA7F}"
EndProject
Project("{9A19103F-16F7-4668-BE54-9A1E7A4F7556}") = "WinCopies.GUI.Drawing", "Current\GUI\WinCopies.GUI.Drawing\WinCopies.GUI.Drawing.csproj", "{FFF8D1D8-4A97-4886-B34D-042564E77E0E}"
EndProject
Project("{9A19103F-16F7-4668-BE54-9A1E7A4F7556}") = "WinCopies.GUI.Icons", "Current\GUI\WinCopies.GUI.Icons\WinCopies.GUI.Icons.csproj", "{B6DC67D2-1425-4E7A-A3C9-0B0E51508793}"
EndProject
Project("{2150E333-8FDC-42A3-9474-1A3956D46DE8}") = "IO", "IO", "{998C70BC-DA0D-4872-8FEE-EE132E922CB3}"
EndProject
Project("{2150E333-8FDC-42A3-9474-1A3956D46DE8}") = "Reflection", "Reflection", "{1119BF81-4ABA-4E9A-A2B0-A79F90D26DF9}"
EndProject
Project("{9A19103F-16F7-4668-BE54-9A1E7A4F7556}") = "WinCopies.GUI.Shell", "Current\IO\WinCopies.GUI.Shell\WinCopies.GUI.Shell.csproj", "{06EAE715-B28D-4BEB-9E38-1FDC48FCEAFB}"
EndProject
Project("{9A19103F-16F7-4668-BE54-9A1E7A4F7556}") = "WinCopies.GUI.IO", "Current\IO\WinCopies.GUI.IO\WinCopies.GUI.IO.csproj", "{07A0D631-F06F-48B4-9376-BE8B5381C036}"
EndProject
Project("{9A19103F-16F7-4668-BE54-9A1E7A4F7556}") = "WinCopies.IO.Shell", "Current\IO\WinCopies.IO.Shell\WinCopies.IO.Shell.csproj", "{75A6095B-4433-41FD-B4B9-B7DA3E145968}"
EndProject
Project("{9A19103F-16F7-4668-BE54-9A1E7A4F7556}") = "WinCopies.IO.SQL", "Current\IO\WinCopies.IO.SQL\WinCopies.IO.SQL.csproj", "{1E5D91C0-0216-4B74-9D4E-DC0553914A45}"
EndProject
Project("{9A19103F-16F7-4668-BE54-9A1E7A4F7556}") = "WinCopies.IO.SQL.Common", "Current\IO\WinCopies.IO.SQL.Common\WinCopies.IO.SQL.Common.csproj", "{E76C17B9-9F2D-4631-BCCF-62E5D5ECFDF6}"
EndProject
Project("{9A19103F-16F7-4668-BE54-9A1E7A4F7556}") = "WinCopies.IO.Reflection", "Current\IO\WinCopies.IO.Reflection\WinCopies.IO.Reflection.csproj", "{E49530B6-732A-4179-903B-11436C5A436C}"
EndProject
Project("{9A19103F-16F7-4668-BE54-9A1E7A4F7556}") = "WinCopies.IO.Drawing", "Current\IO\WinCopies.IO.Drawing\WinCopies.IO.Drawing.csproj", "{374510A6-5067-40E5-80A5-3600B0A2F0ED}"
EndProject
Project("{9A19103F-16F7-4668-BE54-9A1E7A4F7556}") = "WinCopies.IO", "Current\IO\WinCopies.IO\WinCopies.IO.csproj", "{FB848420-1F2D-40BF-8C85-A378A9949F04}"
EndProject
Project("{9A19103F-16F7-4668-BE54-9A1E7A4F7556}") = "WinCopies.Reflection.DotNetDocBuilder", "Current\Reflection\WinCopies.Reflection.DotNetDocBuilder\WinCopies.Reflection.DotNetDocBuilder.csproj", "{0030B766-463C-4D31-AF0C-88CBFBD37F4E}"
EndProject
Project("{9A19103F-16F7-4668-BE54-9A1E7A4F7556}") = "WinCopies.Reflection.DotNetParser", "Current\Reflection\WinCopies.Reflection.DotNetParser\WinCopies.Reflection.DotNetParser.csproj", "{18E27BDA-0ED2-4DAF-8471-147110C0A5FB}"
EndProject
Project("{2150E333-8FDC-42A3-9474-1A3956D46DE8}") = "Shared", "Shared", "{938726E4-9B57-40C5-A71F-7B3B69DD91E6}"
EndProject
Project("{D954291E-2A0B-460D-934E-DC6B0785DB48}") = "WinCopies.Installer.Shared", "Shared\Common\WinCopies.Installer.Shared\WinCopies.Installer.Shared.shproj", "{E9DEEBC4-DB21-43D7-9FA9-5707AF823D95}"
EndProject
Project("{2150E333-8FDC-42A3-9474-1A3956D46DE8}") = "Common", "Common", "{7BBB9720-1A7B-4128-9FDF-367B6152B5A3}"
EndProject
Project("{2150E333-8FDC-42A3-9474-1A3956D46DE8}") = "Console", "Console", "{2A93854C-0C44-4AEE-BCDE-C8FF0BCB5FED}"
EndProject
Project("{D954291E-2A0B-460D-934E-DC6B0785DB48}") = "WinCopies.Console.Shared", "Shared\Console\WinCopies.Console.Shared\WinCopies.Console.Shared.shproj", "{41DCC223-D715-4631-B32D-7A55B03077A0}"
EndProject
Project("{D954291E-2A0B-460D-934E-DC6B0785DB48}") = "WinCopies.Data.SQL.Shared", "Shared\Data\WinCopies.Data.SQL.Shared\WinCopies.Data.SQL.Shared.shproj", "{78129F5E-4EBA-4662-8F8A-FCBB2EF36FB9}"
EndProject
Project("{D954291E-2A0B-460D-934E-DC6B0785DB48}") = "WinCopies.Data.MySQL.Shared", "Shared\Data\WinCopies.Data.MySQL.Shared\WinCopies.Data.MySQL.Shared.shproj", "{97DE8F2D-3077-4EFD-A0EC-5030EA874254}"
EndProject
Project("{2150E333-8FDC-42A3-9474-1A3956D46DE8}") = "Data", "Data", "{D0859468-9EEC-4CAB-AEE2-46913E300ABB}"
EndProject
Project("{2150E333-8FDC-42A3-9474-1A3956D46DE8}") = "GUI", "GUI", "{43A332F8-8C9D-48C1-A1CD-0D2D4F4BFC96}"
EndProject
Project("{D954291E-2A0B-460D-934E-DC6B0785DB48}") = "WinCopies.GUI.Controls.Shared", "Shared\GUI\WinCopies.GUI.Controls.Shared\WinCopies.GUI.Controls.Shared.shproj", "{8E59282E-C7FB-44DC-8617-A1B2A932C5A9}"
EndProject
Project("{D954291E-2A0B-460D-934E-DC6B0785DB48}") = "WinCopies.GUI.Drawing.Shared", "Shared\GUI\WinCopies.GUI.Drawing.Shared\WinCopies.GUI.Drawing.Shared.shproj", "{F96F9167-8D67-49F6-A4FB-CFFD49725150}"
EndProject
Project("{D954291E-2A0B-460D-934E-DC6B0785DB48}") = "WinCopies.GUI.Models.Shared", "Shared\GUI\WinCopies.GUI.Models.Shared\WinCopies.GUI.Models.Shared.shproj", "{A43AEE04-0665-4D64-A4B9-7FF1E471BF29}"
EndProject
Project("{D954291E-2A0B-460D-934E-DC6B0785DB48}") = "WinCopies.GUI.Shared", "Shared\GUI\WinCopies.GUI.Shared\WinCopies.GUI.Shared.shproj", "{3AAF402A-7C4A-455F-8F42-6F4F13C5E185}"
EndProject
Project("{D954291E-2A0B-460D-934E-DC6B0785DB48}") = "WinCopies.GUI.Templates.Shared", "Shared\GUI\WinCopies.GUI.Templates.Shared\WinCopies.GUI.Templates.Shared.shproj", "{1AF939A9-D753-48E4-B114-FB59E5F3F7FB}"
EndProject
Project("{D954291E-2A0B-460D-934E-DC6B0785DB48}") = "WinCopies.GUI.ViewModels.Shared", "Shared\GUI\WinCopies.GUI.ViewModels.Shared\WinCopies.GUI.ViewModels.Shared.shproj", "{589FCD51-85A1-46FF-AB94-3CDD133F92DE}"
EndProject
Project("{D954291E-2A0B-460D-934E-DC6B0785DB48}") = "WinCopies.GUI.Windows.Shared", "Shared\GUI\WinCopies.GUI.Windows.Shared\WinCopies.GUI.Windows.Shared.shproj", "{3FA63940-0513-455D-A3D1-FBA954C22869}"
EndProject
Project("{2150E333-8FDC-42A3-9474-1A3956D46DE8}") = "IO", "IO", "{11659C24-47DA-4A93-9F50-4F654A868DE5}"
EndProject
Project("{D954291E-2A0B-460D-934E-DC6B0785DB48}") = "WinCopies.GUI.IO.Shared", "Shared\IO\WinCopies.GUI.IO.Shared\WinCopies.GUI.IO.Shared.shproj", "{690260B7-F85D-481E-9527-0A6034E39053}"
EndProject
Project("{D954291E-2A0B-460D-934E-DC6B0785DB48}") = "WinCopies.GUI.Shell.Shared", "Shared\IO\WinCopies.GUI.Shell.Shared\WinCopies.GUI.Shell.Shared.shproj", "{D5DDACC8-7290-4F0C-9505-78822411E6BA}"
EndProject
Project("{D954291E-2A0B-460D-934E-DC6B0785DB48}") = "WinCopies.IO.Drawing.Shared", "Shared\IO\WinCopies.IO.Drawing.Shared\WinCopies.IO.Drawing.Shared.shproj", "{2B809653-CCDD-4498-8E54-5C5C3456AABF}"
EndProject
Project("{D954291E-2A0B-460D-934E-DC6B0785DB48}") = "WinCopies.IO.Reflection.Shared", "Shared\IO\WinCopies.IO.Reflection.Shared\WinCopies.IO.Reflection.Shared.shproj", "{4B8A702B-60AF-4747-895C-73CFC0D83D44}"
EndProject
Project("{D954291E-2A0B-460D-934E-DC6B0785DB48}") = "WinCopies.IO.Shared", "Shared\IO\WinCopies.IO.Shared\WinCopies.IO.Shared.shproj", "{76656453-C025-42E6-86A0-DFBB520ED7D9}"
EndProject
Project("{D954291E-2A0B-460D-934E-DC6B0785DB48}") = "WinCopies.IO.SQL.Common.Shared", "Shared\IO\WinCopies.IO.SQL.Common.Shared\WinCopies.IO.SQL.Common.Shared.shproj", "{F307C8EE-3C63-4B5D-B37A-03D503285ABD}"
EndProject
Project("{D954291E-2A0B-460D-934E-DC6B0785DB48}") = "WinCopies.IO.Shell.Shared", "Shared\IO\WinCopies.IO.Shell.Shared\WinCopies.IO.Shell.Shared.shproj", "{5C6A8E8F-21AB-4C80-B898-5FB090CB72BD}"
EndProject
Project("{D954291E-2A0B-460D-934E-DC6B0785DB48}") = "WinCopies.IO.SQL.Shared", "Shared\IO\WinCopies.IO.SQL.Shared\WinCopies.IO.SQL.Shared.shproj", "{EC5F6AFE-C86B-4ED1-AFFA-FB3EE9F5027B}"
EndProject
Project("{2150E333-8FDC-42A3-9474-1A3956D46DE8}") = "Reflection", "Reflection", "{96FDA165-D06D-45D9-A576-BDE8F47DD363}"
EndProject
Project("{D954291E-2A0B-460D-934E-DC6B0785DB48}") = "WinCopies.Reflection.DotNetDocBuilder.Shared", "Shared\Reflection\WinCopies.Reflection.DotNetDocBuilder.Shared\WinCopies.Reflection.DotNetDocBuilder.Shared.shproj", "{479FEBE9-432F-4E15-82F6-626E519B68A3}"
EndProject
Project("{D954291E-2A0B-460D-934E-DC6B0785DB48}") = "WinCopies.Reflection.DotNetParser.Shared", "Shared\Reflection\WinCopies.Reflection.DotNetParser.Shared\WinCopies.Reflection.DotNetParser.Shared.shproj", "{65BA5AC0-50DC-4948-B145-BA0F82EC4FB5}"
EndProject
Global
	GlobalSection(SolutionConfigurationPlatforms) = preSolution
		Debug|Any CPU = Debug|Any CPU
		Release|Any CPU = Release|Any CPU
	EndGlobalSection
	GlobalSection(ProjectConfigurationPlatforms) = postSolution
		{FF875BAF-FAB3-465F-9513-1B88804A2E24}.Debug|Any CPU.ActiveCfg = Debug|Any CPU
		{FF875BAF-FAB3-465F-9513-1B88804A2E24}.Debug|Any CPU.Build.0 = Debug|Any CPU
		{FF875BAF-FAB3-465F-9513-1B88804A2E24}.Release|Any CPU.ActiveCfg = Release|Any CPU
		{FF875BAF-FAB3-465F-9513-1B88804A2E24}.Release|Any CPU.Build.0 = Release|Any CPU
		{54DCFE7C-0202-40FA-8D80-96BD473B3C41}.Debug|Any CPU.ActiveCfg = Debug|Any CPU
		{54DCFE7C-0202-40FA-8D80-96BD473B3C41}.Debug|Any CPU.Build.0 = Debug|Any CPU
		{54DCFE7C-0202-40FA-8D80-96BD473B3C41}.Release|Any CPU.ActiveCfg = Release|Any CPU
		{54DCFE7C-0202-40FA-8D80-96BD473B3C41}.Release|Any CPU.Build.0 = Release|Any CPU
		{CFBC5CB2-E2F3-4F51-8C23-E07ABE295703}.Debug|Any CPU.ActiveCfg = Debug|Any CPU
		{CFBC5CB2-E2F3-4F51-8C23-E07ABE295703}.Debug|Any CPU.Build.0 = Debug|Any CPU
		{CFBC5CB2-E2F3-4F51-8C23-E07ABE295703}.Release|Any CPU.ActiveCfg = Release|Any CPU
		{CFBC5CB2-E2F3-4F51-8C23-E07ABE295703}.Release|Any CPU.Build.0 = Release|Any CPU
		{04724FB0-4E49-47CD-815D-CC25052E613D}.Debug|Any CPU.ActiveCfg = Debug|Any CPU
		{04724FB0-4E49-47CD-815D-CC25052E613D}.Debug|Any CPU.Build.0 = Debug|Any CPU
		{04724FB0-4E49-47CD-815D-CC25052E613D}.Release|Any CPU.ActiveCfg = Release|Any CPU
		{04724FB0-4E49-47CD-815D-CC25052E613D}.Release|Any CPU.Build.0 = Release|Any CPU
		{5F60DD9B-FBD7-4B5E-A385-051DC2C20848}.Debug|Any CPU.ActiveCfg = Debug|Any CPU
		{5F60DD9B-FBD7-4B5E-A385-051DC2C20848}.Debug|Any CPU.Build.0 = Debug|Any CPU
		{5F60DD9B-FBD7-4B5E-A385-051DC2C20848}.Release|Any CPU.ActiveCfg = Release|Any CPU
		{5F60DD9B-FBD7-4B5E-A385-051DC2C20848}.Release|Any CPU.Build.0 = Release|Any CPU
		{1574F2B0-227A-4627-87CE-BEF0B12963A4}.Debug|Any CPU.ActiveCfg = Debug|Any CPU
		{1574F2B0-227A-4627-87CE-BEF0B12963A4}.Debug|Any CPU.Build.0 = Debug|Any CPU
		{1574F2B0-227A-4627-87CE-BEF0B12963A4}.Release|Any CPU.ActiveCfg = Release|Any CPU
		{1574F2B0-227A-4627-87CE-BEF0B12963A4}.Release|Any CPU.Build.0 = Release|Any CPU
		{5A045909-094A-4C60-BB23-0D323C5AEC67}.Debug|Any CPU.ActiveCfg = Debug|Any CPU
		{5A045909-094A-4C60-BB23-0D323C5AEC67}.Debug|Any CPU.Build.0 = Debug|Any CPU
		{5A045909-094A-4C60-BB23-0D323C5AEC67}.Release|Any CPU.ActiveCfg = Release|Any CPU
		{5A045909-094A-4C60-BB23-0D323C5AEC67}.Release|Any CPU.Build.0 = Release|Any CPU
		{9EE24938-B3C7-40BB-9BA6-DB311B83EA7F}.Debug|Any CPU.ActiveCfg = Debug|Any CPU
		{9EE24938-B3C7-40BB-9BA6-DB311B83EA7F}.Debug|Any CPU.Build.0 = Debug|Any CPU
		{9EE24938-B3C7-40BB-9BA6-DB311B83EA7F}.Release|Any CPU.ActiveCfg = Release|Any CPU
		{9EE24938-B3C7-40BB-9BA6-DB311B83EA7F}.Release|Any CPU.Build.0 = Release|Any CPU
		{FFF8D1D8-4A97-4886-B34D-042564E77E0E}.Debug|Any CPU.ActiveCfg = Debug|Any CPU
		{FFF8D1D8-4A97-4886-B34D-042564E77E0E}.Debug|Any CPU.Build.0 = Debug|Any CPU
		{FFF8D1D8-4A97-4886-B34D-042564E77E0E}.Release|Any CPU.ActiveCfg = Release|Any CPU
		{FFF8D1D8-4A97-4886-B34D-042564E77E0E}.Release|Any CPU.Build.0 = Release|Any CPU
		{B6DC67D2-1425-4E7A-A3C9-0B0E51508793}.Debug|Any CPU.ActiveCfg = Debug|Any CPU
		{B6DC67D2-1425-4E7A-A3C9-0B0E51508793}.Debug|Any CPU.Build.0 = Debug|Any CPU
		{B6DC67D2-1425-4E7A-A3C9-0B0E51508793}.Release|Any CPU.ActiveCfg = Release|Any CPU
		{B6DC67D2-1425-4E7A-A3C9-0B0E51508793}.Release|Any CPU.Build.0 = Release|Any CPU
		{06EAE715-B28D-4BEB-9E38-1FDC48FCEAFB}.Debug|Any CPU.ActiveCfg = Debug|Any CPU
		{06EAE715-B28D-4BEB-9E38-1FDC48FCEAFB}.Debug|Any CPU.Build.0 = Debug|Any CPU
		{06EAE715-B28D-4BEB-9E38-1FDC48FCEAFB}.Release|Any CPU.ActiveCfg = Release|Any CPU
		{06EAE715-B28D-4BEB-9E38-1FDC48FCEAFB}.Release|Any CPU.Build.0 = Release|Any CPU
		{07A0D631-F06F-48B4-9376-BE8B5381C036}.Debug|Any CPU.ActiveCfg = Debug|Any CPU
		{07A0D631-F06F-48B4-9376-BE8B5381C036}.Debug|Any CPU.Build.0 = Debug|Any CPU
		{07A0D631-F06F-48B4-9376-BE8B5381C036}.Release|Any CPU.ActiveCfg = Release|Any CPU
		{07A0D631-F06F-48B4-9376-BE8B5381C036}.Release|Any CPU.Build.0 = Release|Any CPU
		{75A6095B-4433-41FD-B4B9-B7DA3E145968}.Debug|Any CPU.ActiveCfg = Debug|Any CPU
		{75A6095B-4433-41FD-B4B9-B7DA3E145968}.Debug|Any CPU.Build.0 = Debug|Any CPU
		{75A6095B-4433-41FD-B4B9-B7DA3E145968}.Release|Any CPU.ActiveCfg = Release|Any CPU
		{75A6095B-4433-41FD-B4B9-B7DA3E145968}.Release|Any CPU.Build.0 = Release|Any CPU
		{1E5D91C0-0216-4B74-9D4E-DC0553914A45}.Debug|Any CPU.ActiveCfg = Debug|Any CPU
		{1E5D91C0-0216-4B74-9D4E-DC0553914A45}.Debug|Any CPU.Build.0 = Debug|Any CPU
		{1E5D91C0-0216-4B74-9D4E-DC0553914A45}.Release|Any CPU.ActiveCfg = Release|Any CPU
		{1E5D91C0-0216-4B74-9D4E-DC0553914A45}.Release|Any CPU.Build.0 = Release|Any CPU
		{E76C17B9-9F2D-4631-BCCF-62E5D5ECFDF6}.Debug|Any CPU.ActiveCfg = Debug|Any CPU
		{E76C17B9-9F2D-4631-BCCF-62E5D5ECFDF6}.Debug|Any CPU.Build.0 = Debug|Any CPU
		{E76C17B9-9F2D-4631-BCCF-62E5D5ECFDF6}.Release|Any CPU.ActiveCfg = Release|Any CPU
		{E76C17B9-9F2D-4631-BCCF-62E5D5ECFDF6}.Release|Any CPU.Build.0 = Release|Any CPU
		{E49530B6-732A-4179-903B-11436C5A436C}.Debug|Any CPU.ActiveCfg = Debug|Any CPU
		{E49530B6-732A-4179-903B-11436C5A436C}.Debug|Any CPU.Build.0 = Debug|Any CPU
		{E49530B6-732A-4179-903B-11436C5A436C}.Release|Any CPU.ActiveCfg = Release|Any CPU
		{E49530B6-732A-4179-903B-11436C5A436C}.Release|Any CPU.Build.0 = Release|Any CPU
		{374510A6-5067-40E5-80A5-3600B0A2F0ED}.Debug|Any CPU.ActiveCfg = Debug|Any CPU
		{374510A6-5067-40E5-80A5-3600B0A2F0ED}.Debug|Any CPU.Build.0 = Debug|Any CPU
		{374510A6-5067-40E5-80A5-3600B0A2F0ED}.Release|Any CPU.ActiveCfg = Release|Any CPU
		{374510A6-5067-40E5-80A5-3600B0A2F0ED}.Release|Any CPU.Build.0 = Release|Any CPU
		{FB848420-1F2D-40BF-8C85-A378A9949F04}.Debug|Any CPU.ActiveCfg = Debug|Any CPU
		{FB848420-1F2D-40BF-8C85-A378A9949F04}.Debug|Any CPU.Build.0 = Debug|Any CPU
		{FB848420-1F2D-40BF-8C85-A378A9949F04}.Release|Any CPU.ActiveCfg = Release|Any CPU
		{FB848420-1F2D-40BF-8C85-A378A9949F04}.Release|Any CPU.Build.0 = Release|Any CPU
		{0030B766-463C-4D31-AF0C-88CBFBD37F4E}.Debug|Any CPU.ActiveCfg = Debug|Any CPU
		{0030B766-463C-4D31-AF0C-88CBFBD37F4E}.Debug|Any CPU.Build.0 = Debug|Any CPU
		{0030B766-463C-4D31-AF0C-88CBFBD37F4E}.Release|Any CPU.ActiveCfg = Release|Any CPU
		{0030B766-463C-4D31-AF0C-88CBFBD37F4E}.Release|Any CPU.Build.0 = Release|Any CPU
		{18E27BDA-0ED2-4DAF-8471-147110C0A5FB}.Debug|Any CPU.ActiveCfg = Debug|Any CPU
		{18E27BDA-0ED2-4DAF-8471-147110C0A5FB}.Debug|Any CPU.Build.0 = Debug|Any CPU
		{18E27BDA-0ED2-4DAF-8471-147110C0A5FB}.Release|Any CPU.ActiveCfg = Release|Any CPU
		{18E27BDA-0ED2-4DAF-8471-147110C0A5FB}.Release|Any CPU.Build.0 = Release|Any CPU
	EndGlobalSection
	GlobalSection(SolutionProperties) = preSolution
		HideSolutionNode = FALSE
	EndGlobalSection
	GlobalSection(NestedProjects) = preSolution
		{F5B11169-9C20-472D-91D4-35CC8E9327C9} = {37EC10AF-184E-4C3D-8B1E-9093F41A80A7}
		{FF875BAF-FAB3-465F-9513-1B88804A2E24} = {F5B11169-9C20-472D-91D4-35CC8E9327C9}
		{5582F36B-14DA-4CC2-A554-A5940D99DDA4} = {37EC10AF-184E-4C3D-8B1E-9093F41A80A7}
		{54DCFE7C-0202-40FA-8D80-96BD473B3C41} = {5582F36B-14DA-4CC2-A554-A5940D99DDA4}
		{5D0697C0-B66C-404D-A382-19D5157CE26C} = {37EC10AF-184E-4C3D-8B1E-9093F41A80A7}
		{CFBC5CB2-E2F3-4F51-8C23-E07ABE295703} = {5D0697C0-B66C-404D-A382-19D5157CE26C}
		{04724FB0-4E49-47CD-815D-CC25052E613D} = {5D0697C0-B66C-404D-A382-19D5157CE26C}
		{B0A45E0F-A6D3-40C6-B0E7-DDA818BE6A9E} = {37EC10AF-184E-4C3D-8B1E-9093F41A80A7}
		{5F60DD9B-FBD7-4B5E-A385-051DC2C20848} = {B0A45E0F-A6D3-40C6-B0E7-DDA818BE6A9E}
		{1574F2B0-227A-4627-87CE-BEF0B12963A4} = {B0A45E0F-A6D3-40C6-B0E7-DDA818BE6A9E}
		{5A045909-094A-4C60-BB23-0D323C5AEC67} = {B0A45E0F-A6D3-40C6-B0E7-DDA818BE6A9E}
		{9EE24938-B3C7-40BB-9BA6-DB311B83EA7F} = {B0A45E0F-A6D3-40C6-B0E7-DDA818BE6A9E}
		{FFF8D1D8-4A97-4886-B34D-042564E77E0E} = {B0A45E0F-A6D3-40C6-B0E7-DDA818BE6A9E}
		{B6DC67D2-1425-4E7A-A3C9-0B0E51508793} = {B0A45E0F-A6D3-40C6-B0E7-DDA818BE6A9E}
		{998C70BC-DA0D-4872-8FEE-EE132E922CB3} = {37EC10AF-184E-4C3D-8B1E-9093F41A80A7}
		{1119BF81-4ABA-4E9A-A2B0-A79F90D26DF9} = {37EC10AF-184E-4C3D-8B1E-9093F41A80A7}
		{06EAE715-B28D-4BEB-9E38-1FDC48FCEAFB} = {998C70BC-DA0D-4872-8FEE-EE132E922CB3}
		{07A0D631-F06F-48B4-9376-BE8B5381C036} = {998C70BC-DA0D-4872-8FEE-EE132E922CB3}
		{75A6095B-4433-41FD-B4B9-B7DA3E145968} = {998C70BC-DA0D-4872-8FEE-EE132E922CB3}
		{1E5D91C0-0216-4B74-9D4E-DC0553914A45} = {998C70BC-DA0D-4872-8FEE-EE132E922CB3}
		{E76C17B9-9F2D-4631-BCCF-62E5D5ECFDF6} = {998C70BC-DA0D-4872-8FEE-EE132E922CB3}
		{E49530B6-732A-4179-903B-11436C5A436C} = {998C70BC-DA0D-4872-8FEE-EE132E922CB3}
		{374510A6-5067-40E5-80A5-3600B0A2F0ED} = {998C70BC-DA0D-4872-8FEE-EE132E922CB3}
		{FB848420-1F2D-40BF-8C85-A378A9949F04} = {998C70BC-DA0D-4872-8FEE-EE132E922CB3}
		{0030B766-463C-4D31-AF0C-88CBFBD37F4E} = {1119BF81-4ABA-4E9A-A2B0-A79F90D26DF9}
		{18E27BDA-0ED2-4DAF-8471-147110C0A5FB} = {1119BF81-4ABA-4E9A-A2B0-A79F90D26DF9}
		{E9DEEBC4-DB21-43D7-9FA9-5707AF823D95} = {7BBB9720-1A7B-4128-9FDF-367B6152B5A3}
		{7BBB9720-1A7B-4128-9FDF-367B6152B5A3} = {938726E4-9B57-40C5-A71F-7B3B69DD91E6}
		{2A93854C-0C44-4AEE-BCDE-C8FF0BCB5FED} = {938726E4-9B57-40C5-A71F-7B3B69DD91E6}
		{41DCC223-D715-4631-B32D-7A55B03077A0} = {2A93854C-0C44-4AEE-BCDE-C8FF0BCB5FED}
		{78129F5E-4EBA-4662-8F8A-FCBB2EF36FB9} = {D0859468-9EEC-4CAB-AEE2-46913E300ABB}
		{97DE8F2D-3077-4EFD-A0EC-5030EA874254} = {D0859468-9EEC-4CAB-AEE2-46913E300ABB}
		{D0859468-9EEC-4CAB-AEE2-46913E300ABB} = {938726E4-9B57-40C5-A71F-7B3B69DD91E6}
		{43A332F8-8C9D-48C1-A1CD-0D2D4F4BFC96} = {938726E4-9B57-40C5-A71F-7B3B69DD91E6}
		{8E59282E-C7FB-44DC-8617-A1B2A932C5A9} = {43A332F8-8C9D-48C1-A1CD-0D2D4F4BFC96}
		{F96F9167-8D67-49F6-A4FB-CFFD49725150} = {43A332F8-8C9D-48C1-A1CD-0D2D4F4BFC96}
		{A43AEE04-0665-4D64-A4B9-7FF1E471BF29} = {43A332F8-8C9D-48C1-A1CD-0D2D4F4BFC96}
		{3AAF402A-7C4A-455F-8F42-6F4F13C5E185} = {43A332F8-8C9D-48C1-A1CD-0D2D4F4BFC96}
		{1AF939A9-D753-48E4-B114-FB59E5F3F7FB} = {43A332F8-8C9D-48C1-A1CD-0D2D4F4BFC96}
		{589FCD51-85A1-46FF-AB94-3CDD133F92DE} = {43A332F8-8C9D-48C1-A1CD-0D2D4F4BFC96}
		{3FA63940-0513-455D-A3D1-FBA954C22869} = {43A332F8-8C9D-48C1-A1CD-0D2D4F4BFC96}
		{11659C24-47DA-4A93-9F50-4F654A868DE5} = {938726E4-9B57-40C5-A71F-7B3B69DD91E6}
		{690260B7-F85D-481E-9527-0A6034E39053} = {11659C24-47DA-4A93-9F50-4F654A868DE5}
		{D5DDACC8-7290-4F0C-9505-78822411E6BA} = {11659C24-47DA-4A93-9F50-4F654A868DE5}
		{2B809653-CCDD-4498-8E54-5C5C3456AABF} = {11659C24-47DA-4A93-9F50-4F654A868DE5}
		{4B8A702B-60AF-4747-895C-73CFC0D83D44} = {11659C24-47DA-4A93-9F50-4F654A868DE5}
		{76656453-C025-42E6-86A0-DFBB520ED7D9} = {11659C24-47DA-4A93-9F50-4F654A868DE5}
		{F307C8EE-3C63-4B5D-B37A-03D503285ABD} = {11659C24-47DA-4A93-9F50-4F654A868DE5}
		{5C6A8E8F-21AB-4C80-B898-5FB090CB72BD} = {11659C24-47DA-4A93-9F50-4F654A868DE5}
		{EC5F6AFE-C86B-4ED1-AFFA-FB3EE9F5027B} = {11659C24-47DA-4A93-9F50-4F654A868DE5}
		{96FDA165-D06D-45D9-A576-BDE8F47DD363} = {938726E4-9B57-40C5-A71F-7B3B69DD91E6}
		{479FEBE9-432F-4E15-82F6-626E519B68A3} = {96FDA165-D06D-45D9-A576-BDE8F47DD363}
		{65BA5AC0-50DC-4948-B145-BA0F82EC4FB5} = {96FDA165-D06D-45D9-A576-BDE8F47DD363}
	EndGlobalSection
	GlobalSection(ExtensibilityGlobals) = postSolution
		SolutionGuid = {73C3DE5A-6253-4133-A7D1-39C4447D466E}
	EndGlobalSection
	GlobalSection(SharedMSBuildProjectFiles) = preSolution
		Shared\Reflection\WinCopies.Reflection.DotNetDocBuilder.Shared\WinCopies.Reflection.DotNetDocBuilder.Shared.projitems*{0030b766-463c-4d31-af0c-88cbfbd37f4e}*SharedItemsImports = 5
		Shared\Data\WinCopies.Data.SQL.Shared\WinCopies.Data.SQL.Shared.projitems*{04724fb0-4e49-47cd-815d-cc25052e613d}*SharedItemsImports = 5
		Shared\IO\WinCopies.GUI.Shell.Shared\WinCopies.GUI.Shell.Shared.projitems*{06eae715-b28d-4beb-9e38-1fdc48fceafb}*SharedItemsImports = 5
		Shared\IO\WinCopies.GUI.IO.Shared\WinCopies.GUI.IO.Shared.projitems*{07a0d631-f06f-48b4-9376-be8b5381c036}*SharedItemsImports = 5
		Shared\GUI\WinCopies.GUI.Shared\WinCopies.GUI.Shared.projitems*{1574f2b0-227a-4627-87ce-bef0b12963a4}*SharedItemsImports = 5
		Shared\Reflection\WinCopies.Reflection.DotNetParser.Shared\WinCopies.Reflection.DotNetParser.Shared.projitems*{18e27bda-0ed2-4daf-8471-147110c0a5fb}*SharedItemsImports = 5
		Shared\GUI\WinCopies.GUI.Templates.Shared\WinCopies.GUI.Templates.Shared.projitems*{1af939a9-d753-48e4-b114-fb59e5f3f7fb}*SharedItemsImports = 13
		Shared\IO\WinCopies.IO.SQL.Shared\WinCopies.IO.SQL.Shared.projitems*{1e5d91c0-0216-4b74-9d4e-dc0553914a45}*SharedItemsImports = 5
		Shared\IO\WinCopies.IO.Drawing.Shared\WinCopies.IO.Drawing.Shared.projitems*{2b809653-ccdd-4498-8e54-5c5c3456aabf}*SharedItemsImports = 13
		Shared\IO\WinCopies.IO.Drawing.Shared\WinCopies.IO.Drawing.Shared.projitems*{374510a6-5067-40e5-80a5-3600b0a2f0ed}*SharedItemsImports = 5
		Shared\GUI\WinCopies.GUI.Shared\WinCopies.GUI.Shared.projitems*{3aaf402a-7c4a-455f-8f42-6f4f13c5e185}*SharedItemsImports = 13
		Shared\GUI\WinCopies.GUI.Windows.Shared\WinCopies.GUI.Windows.Shared.projitems*{3fa63940-0513-455d-a3d1-fba954c22869}*SharedItemsImports = 13
		Shared\Console\WinCopies.Console.Shared\WinCopies.Console.Shared.projitems*{41dcc223-d715-4631-b32d-7a55b03077a0}*SharedItemsImports = 13
		Shared\Reflection\WinCopies.Reflection.DotNetDocBuilder.Shared\WinCopies.Reflection.DotNetDocBuilder.Shared.projitems*{479febe9-432f-4e15-82f6-626e519b68a3}*SharedItemsImports = 13
		Shared\IO\WinCopies.IO.Reflection.Shared\WinCopies.IO.Reflection.Shared.projitems*{4b8a702b-60af-4747-895c-73cfc0d83d44}*SharedItemsImports = 13
		Shared\Console\WinCopies.Console.Shared\WinCopies.Console.Shared.projitems*{54dcfe7c-0202-40fa-8d80-96bd473b3c41}*SharedItemsImports = 5
		Shared\GUI\WinCopies.GUI.ViewModels.Shared\WinCopies.GUI.ViewModels.Shared.projitems*{589fcd51-85a1-46ff-ab94-3cdd133f92de}*SharedItemsImports = 13
		Shared\GUI\WinCopies.GUI.Templates.Shared\WinCopies.GUI.Templates.Shared.projitems*{5a045909-094a-4c60-bb23-0d323c5aec67}*SharedItemsImports = 5
		Shared\IO\WinCopies.IO.Shell.Shared\WinCopies.IO.Shell.Shared.projitems*{5c6a8e8f-21ab-4c80-b898-5fb090cb72bd}*SharedItemsImports = 13
		Shared\GUI\WinCopies.GUI.ViewModels.Shared\WinCopies.GUI.ViewModels.Shared.projitems*{5f60dd9b-fbd7-4b5e-a385-051dc2c20848}*SharedItemsImports = 5
		Shared\Reflection\WinCopies.Reflection.DotNetParser.Shared\WinCopies.Reflection.DotNetParser.Shared.projitems*{65ba5ac0-50dc-4948-b145-ba0f82ec4fb5}*SharedItemsImports = 13
		Shared\IO\WinCopies.GUI.IO.Shared\WinCopies.GUI.IO.Shared.projitems*{690260b7-f85d-481e-9527-0a6034e39053}*SharedItemsImports = 13
		Shared\IO\WinCopies.IO.Shell.Shared\WinCopies.IO.Shell.Shared.projitems*{75a6095b-4433-41fd-b4b9-b7da3e145968}*SharedItemsImports = 5
		Shared\IO\WinCopies.IO.Shared\WinCopies.IO.Shared.projitems*{76656453-c025-42e6-86a0-dfbb520ed7d9}*SharedItemsImports = 13
		Shared\Data\WinCopies.Data.SQL.Shared\WinCopies.Data.SQL.Shared.projitems*{78129f5e-4eba-4662-8f8a-fcbb2ef36fb9}*SharedItemsImports = 13
		Shared\GUI\WinCopies.GUI.Controls.Shared\WinCopies.GUI.Controls.Shared.projitems*{8e59282e-c7fb-44dc-8617-a1b2a932c5a9}*SharedItemsImports = 13
		Shared\Data\WinCopies.Data.MySQL.Shared\WinCopies.Data.MySQL.Shared.projitems*{97de8f2d-3077-4efd-a0ec-5030ea874254}*SharedItemsImports = 13
		Shared\GUI\WinCopies.GUI.Models.Shared\WinCopies.GUI.Models.Shared.projitems*{9ee24938-b3c7-40bb-9ba6-db311b83ea7f}*SharedItemsImports = 5
		Shared\GUI\WinCopies.GUI.Models.Shared\WinCopies.GUI.Models.Shared.projitems*{a43aee04-0665-4d64-a4b9-7ff1e471bf29}*SharedItemsImports = 13
		Shared\Data\WinCopies.Data.MySQL.Shared\WinCopies.Data.MySQL.Shared.projitems*{cfbc5cb2-e2f3-4f51-8c23-e07abe295703}*SharedItemsImports = 5
		Shared\IO\WinCopies.GUI.Shell.Shared\WinCopies.GUI.Shell.Shared.projitems*{d5ddacc8-7290-4f0c-9505-78822411e6ba}*SharedItemsImports = 13
		Shared\IO\WinCopies.IO.Reflection.Shared\WinCopies.IO.Reflection.Shared.projitems*{e49530b6-732a-4179-903b-11436c5a436c}*SharedItemsImports = 5
		Shared\IO\WinCopies.IO.SQL.Common.Shared\WinCopies.IO.SQL.Common.Shared.projitems*{e76c17b9-9f2d-4631-bccf-62e5d5ecfdf6}*SharedItemsImports = 5
		Shared\Common\WinCopies.Installer.Shared\WinCopies.Installer.Shared.projitems*{e9deebc4-db21-43d7-9fa9-5707af823d95}*SharedItemsImports = 13
		Shared\IO\WinCopies.IO.SQL.Shared\WinCopies.IO.SQL.Shared.projitems*{ec5f6afe-c86b-4ed1-affa-fb3ee9f5027b}*SharedItemsImports = 13
		Shared\IO\WinCopies.IO.SQL.Common.Shared\WinCopies.IO.SQL.Common.Shared.projitems*{f307c8ee-3c63-4b5d-b37a-03d503285abd}*SharedItemsImports = 13
		Shared\GUI\WinCopies.GUI.Drawing.Shared\WinCopies.GUI.Drawing.Shared.projitems*{f96f9167-8d67-49f6-a4fb-cffd49725150}*SharedItemsImports = 13
		Shared\IO\WinCopies.IO.Shared\WinCopies.IO.Shared.projitems*{fb848420-1f2d-40bf-8c85-a378a9949f04}*SharedItemsImports = 5
		Shared\Common\WinCopies.Installer.Shared\WinCopies.Installer.Shared.projitems*{ff875baf-fab3-465f-9513-1b88804a2e24}*SharedItemsImports = 5
		Shared\GUI\WinCopies.GUI.Drawing.Shared\WinCopies.GUI.Drawing.Shared.projitems*{fff8d1d8-4a97-4886-b34d-042564e77e0e}*SharedItemsImports = 5
	EndGlobalSection
EndGlobal
