
Microsoft Visual Studio Solution File, Format Version 12.00
# Visual Studio Version 17
VisualStudioVersion = 17.0.31521.260
MinimumVisualStudioVersion = 10.0.40219.1
Project("{2150E333-8FDC-42A3-9474-1A3956D46DE8}") = "Solution Items", "Solution Items", "{020C4898-9337-4E36-A674-1F65E6AFF538}"
	ProjectSection(SolutionItems) = preProject
		..\.gitignore = ..\.gitignore
		..\Changelog.md = ..\Changelog.md
		Directory.Build.props = Directory.Build.props
		..\LICENSE.md = ..\LICENSE.md
		..\README.md = ..\README.md
	EndProjectSection
EndProject
Project("{2150E333-8FDC-42A3-9474-1A3956D46DE8}") = "GUI", "GUI", "{ADE78BF5-47C3-4D29-B4F3-C088935960FD}"
EndProject
Project("{2150E333-8FDC-42A3-9474-1A3956D46DE8}") = "IO", "IO", "{22EAF32C-9029-42A6-8040-2E3338937ED7}"
EndProject
Project("{D954291E-2A0B-460D-934E-DC6B0785DB48}") = "WinCopies.Util.Temp.Shared", "WinCopies.Util.Temp.Shared\WinCopies.Util.Temp.Shared.shproj", "{971FCA65-9999-4B74-BDDE-947BC38435F0}"
EndProject
Project("{2150E333-8FDC-42A3-9474-1A3956D46DE8}") = "3.x", "3.x", "{BE3312BD-508F-4831-BCEC-C97150B2EF90}"
EndProject
Project("{9A19103F-16F7-4668-BE54-9A1E7A4F7556}") = "WinCopies.Util.Temp", "WinCopies.Util.Temp\WinCopies.Util.Temp.csproj", "{DE307A15-A22B-44EC-B769-1AFB568E0C79}"
EndProject
Project("{9A19103F-16F7-4668-BE54-9A1E7A4F7556}") = "WinCopies.Console", "WinCopies.Console\WinCopies.Console.csproj", "{5339C591-BB79-4C6D-90D3-67318449B227}"
EndProject
Project("{D954291E-2A0B-460D-934E-DC6B0785DB48}") = "WinCopies.Console.Shared", "WinCopies.Console.Shared\WinCopies.Console.Shared.shproj", "{41DCC223-D715-4631-B32D-7A55B03077A0}"
EndProject
Project("{2150E333-8FDC-42A3-9474-1A3956D46DE8}") = "Common", "Common", "{63A53248-BDBE-4CBD-AFA9-3BC0170D1C22}"
EndProject
Project("{2150E333-8FDC-42A3-9474-1A3956D46DE8}") = "Shared", "Shared", "{0C3844B6-19D2-4223-9762-2CA1C09B26A7}"
EndProject
Project("{2150E333-8FDC-42A3-9474-1A3956D46DE8}") = "3.x", "3.x", "{25E0C698-BBA1-4331-ABFB-E4DA71938685}"
EndProject
Project("{2150E333-8FDC-42A3-9474-1A3956D46DE8}") = "Shared", "Shared", "{8A46626D-48DF-4D25-98E1-634210EFBBA1}"
EndProject
Project("{2150E333-8FDC-42A3-9474-1A3956D46DE8}") = "3.x", "3.x", "{60AE81D0-37D6-4800-882C-E41EB277DD94}"
EndProject
Project("{2150E333-8FDC-42A3-9474-1A3956D46DE8}") = "Shared", "Shared", "{82DBBCCB-0EB8-442A-852B-D8815617816F}"
EndProject
Project("{2150E333-8FDC-42A3-9474-1A3956D46DE8}") = "Data", "Data", "{A14C53CF-0917-4334-B9A5-B6AF0A8BF117}"
EndProject
Project("{2150E333-8FDC-42A3-9474-1A3956D46DE8}") = "Reflection", "Reflection", "{730E342D-C011-4F8A-B396-A08D03ABF35C}"
EndProject
Project("{2150E333-8FDC-42A3-9474-1A3956D46DE8}") = "Shared", "Shared", "{73A48362-0C68-46E2-B765-544A621B28A5}"
EndProject
Project("{2150E333-8FDC-42A3-9474-1A3956D46DE8}") = "1.x", "1.x", "{61FB6295-E662-4B69-8121-55D3473103C2}"
EndProject
Project("{2150E333-8FDC-42A3-9474-1A3956D46DE8}") = "Shared", "Shared", "{59EED2B0-96B5-426B-8122-AC4BCE9AFDE0}"
EndProject
Project("{2150E333-8FDC-42A3-9474-1A3956D46DE8}") = "1.x", "1.x", "{6826D914-9A1B-4404-862F-6762CFFFFB4C}"
EndProject
Project("{9A19103F-16F7-4668-BE54-9A1E7A4F7556}") = "WinCopies.Data.SQL", "Data\1.x\WinCopies.Data.SQL\WinCopies.Data.SQL.csproj", "{19030EF2-E025-493B-BCE2-879D8447D90F}"
EndProject
Project("{9A19103F-16F7-4668-BE54-9A1E7A4F7556}") = "WinCopies.Data.MySQL", "Data\1.x\WinCopies.Data.MySQL\WinCopies.Data.MySQL.csproj", "{123294AC-43C7-4E4E-9B8F-0ABE6750C7C7}"
EndProject
Project("{D954291E-2A0B-460D-934E-DC6B0785DB48}") = "WinCopies.Data.SQL.Shared", "Data\Shared\WinCopies.Data.SQL.Shared\WinCopies.Data.SQL.Shared.shproj", "{78129F5E-4EBA-4662-8F8A-FCBB2EF36FB9}"
EndProject
Project("{D954291E-2A0B-460D-934E-DC6B0785DB48}") = "WinCopies.Data.MySQL.Shared", "Data\Shared\WinCopies.Data.MySQL.Shared\WinCopies.Data.MySQL.Shared.shproj", "{97DE8F2D-3077-4EFD-A0EC-5030EA874254}"
EndProject
Project("{D954291E-2A0B-460D-934E-DC6B0785DB48}") = "WinCopies.Reflection.DotNetParser.Shared", "Reflection\Shared\WinCopies.Reflection.DotNetParser.Shared\WinCopies.Reflection.DotNetParser.Shared.shproj", "{65BA5AC0-50DC-4948-B145-BA0F82EC4FB5}"
EndProject
Project("{D954291E-2A0B-460D-934E-DC6B0785DB48}") = "WinCopies.Reflection.DotNetDocBuilder.Shared", "Reflection\Shared\WinCopies.Reflection.DotNetDocBuilder.Shared\WinCopies.Reflection.DotNetDocBuilder.Shared.shproj", "{479FEBE9-432F-4E15-82F6-626E519B68A3}"
EndProject
Project("{9A19103F-16F7-4668-BE54-9A1E7A4F7556}") = "WinCopies.Reflection.DotNetParser", "Reflection\1.x\WinCopies.Reflection.DotNetParser\WinCopies.Reflection.DotNetParser.csproj", "{293BDE10-0770-4614-A925-B3A2D4133DCF}"
EndProject
Project("{9A19103F-16F7-4668-BE54-9A1E7A4F7556}") = "WinCopies.Reflection.DotNetDocBuilder", "Reflection\1.x\WinCopies.Reflection.DotNetDocBuilder\WinCopies.Reflection.DotNetDocBuilder.csproj", "{55274CC6-1A3E-4FBB-9A78-AF7F06B6082F}"
EndProject
Project("{D954291E-2A0B-460D-934E-DC6B0785DB48}") = "WinCopies.GUI.Shared", "GUI\Shared\WinCopies.GUI.Shared\WinCopies.GUI.Shared.shproj", "{3AAF402A-7C4A-455F-8F42-6F4F13C5E185}"
EndProject
Project("{D954291E-2A0B-460D-934E-DC6B0785DB48}") = "WinCopies.GUI.Controls.Shared", "GUI\Shared\WinCopies.GUI.Controls.Shared\WinCopies.GUI.Controls.Shared.shproj", "{8E59282E-C7FB-44DC-8617-A1B2A932C5A9}"
EndProject
Project("{D954291E-2A0B-460D-934E-DC6B0785DB48}") = "WinCopies.GUI.Drawing.Shared", "GUI\Shared\WinCopies.GUI.Drawing.Shared\WinCopies.GUI.Drawing.Shared.shproj", "{F96F9167-8D67-49F6-A4FB-CFFD49725150}"
EndProject
Project("{D954291E-2A0B-460D-934E-DC6B0785DB48}") = "WinCopies.GUI.Models.Shared", "GUI\Shared\WinCopies.GUI.Models.Shared\WinCopies.GUI.Models.Shared.shproj", "{A43AEE04-0665-4D64-A4B9-7FF1E471BF29}"
EndProject
Project("{D954291E-2A0B-460D-934E-DC6B0785DB48}") = "WinCopies.GUI.Templates.Shared", "GUI\Shared\WinCopies.GUI.Templates.Shared\WinCopies.GUI.Templates.Shared.shproj", "{1AF939A9-D753-48E4-B114-FB59E5F3F7FB}"
EndProject
Project("{D954291E-2A0B-460D-934E-DC6B0785DB48}") = "WinCopies.GUI.ViewModels.Shared", "GUI\Shared\WinCopies.GUI.ViewModels.Shared\WinCopies.GUI.ViewModels.Shared.shproj", "{589FCD51-85A1-46FF-AB94-3CDD133F92DE}"
EndProject
Project("{D954291E-2A0B-460D-934E-DC6B0785DB48}") = "WinCopies.GUI.Windows.Shared", "GUI\Shared\WinCopies.GUI.Windows.Shared\WinCopies.GUI.Windows.Shared.shproj", "{3FA63940-0513-455D-A3D1-FBA954C22869}"
EndProject
Project("{9A19103F-16F7-4668-BE54-9A1E7A4F7556}") = "WinCopies.GUI", "GUI\3.x\WinCopies.GUI\WinCopies.GUI.csproj", "{C30186B1-AC39-486A-A4A4-E7B7737B0863}"
EndProject
Project("{9A19103F-16F7-4668-BE54-9A1E7A4F7556}") = "WinCopies.GUI.Drawing", "GUI\3.x\WinCopies.GUI.Drawing\WinCopies.GUI.Drawing.csproj", "{75AD8221-36BC-49D6-A783-EB7C4B3DEED7}"
EndProject
Project("{9A19103F-16F7-4668-BE54-9A1E7A4F7556}") = "WinCopies.GUI.Icons", "GUI\3.x\WinCopies.GUI.Icons\WinCopies.GUI.Icons.csproj", "{69AE8ADA-D39B-43EA-AB01-209DBF5BC3BD}"
EndProject
Project("{9A19103F-16F7-4668-BE54-9A1E7A4F7556}") = "WinCopies.GUI.Models", "GUI\3.x\WinCopies.GUI.Models\WinCopies.GUI.Models.csproj", "{23DA9674-4097-409A-A2AF-4ED8AEBCC7A1}"
EndProject
Project("{9A19103F-16F7-4668-BE54-9A1E7A4F7556}") = "WinCopies.GUI.Templates", "GUI\3.x\WinCopies.GUI.Templates\WinCopies.GUI.Templates.csproj", "{B8FE3FAB-A468-4CB8-81D9-33B159B22C05}"
EndProject
Project("{9A19103F-16F7-4668-BE54-9A1E7A4F7556}") = "WinCopies.GUI.ViewModels", "GUI\3.x\WinCopies.GUI.ViewModels\WinCopies.GUI.ViewModels.csproj", "{FC63D898-9A71-4ED5-ABB6-A5E4E832360D}"
EndProject
Project("{D954291E-2A0B-460D-934E-DC6B0785DB48}") = "WinCopies.GUI.Shell.Shared", "IO\Shared\WinCopies.GUI.Shell.Shared\WinCopies.GUI.Shell.Shared.shproj", "{D5DDACC8-7290-4F0C-9505-78822411E6BA}"
EndProject
Project("{D954291E-2A0B-460D-934E-DC6B0785DB48}") = "WinCopies.GUI.IO.Shared", "IO\Shared\WinCopies.GUI.IO.Shared\WinCopies.GUI.IO.Shared.shproj", "{690260B7-F85D-481E-9527-0A6034E39053}"
EndProject
Project("{D954291E-2A0B-460D-934E-DC6B0785DB48}") = "WinCopies.IO.Shared", "IO\Shared\WinCopies.IO.Shared\WinCopies.IO.Shared.shproj", "{76656453-C025-42E6-86A0-DFBB520ED7D9}"
EndProject
Project("{D954291E-2A0B-460D-934E-DC6B0785DB48}") = "WinCopies.IO.Shell.Shared", "IO\Shared\WinCopies.IO.Shell.Shared\WinCopies.IO.Shell.Shared.shproj", "{5C6A8E8F-21AB-4C80-B898-5FB090CB72BD}"
EndProject
Project("{9A19103F-16F7-4668-BE54-9A1E7A4F7556}") = "WinCopies.GUI.IO", "IO\3.x\WinCopies.GUI.IO\WinCopies.GUI.IO.csproj", "{B65AE3F5-151A-4849-9AB6-B3A10EA3F437}"
EndProject
Project("{9A19103F-16F7-4668-BE54-9A1E7A4F7556}") = "WinCopies.GUI.Shell", "IO\3.x\WinCopies.GUI.Shell\WinCopies.GUI.Shell.csproj", "{8EAEBFA9-CD8A-4846-B8FA-B6BA09BDEB2A}"
EndProject
Project("{9A19103F-16F7-4668-BE54-9A1E7A4F7556}") = "WinCopies.IO", "IO\3.x\WinCopies.IO\WinCopies.IO.csproj", "{E7AE6C1E-DA9F-4B48-AC85-EAF4F027F6DE}"
EndProject
Project("{9A19103F-16F7-4668-BE54-9A1E7A4F7556}") = "WinCopies.IO.Shell", "IO\3.x\WinCopies.IO.Shell\WinCopies.IO.Shell.csproj", "{4B71B699-25A8-4ABF-B25D-553DA080B6A0}"
EndProject
Global
	GlobalSection(SharedMSBuildProjectFiles) = preSolution
		Data\Shared\WinCopies.Data.MySQL.Shared\WinCopies.Data.MySQL.Shared.projitems*{123294ac-43c7-4e4e-9b8f-0abe6750c7c7}*SharedItemsImports = 5
		Data\Shared\WinCopies.Data.SQL.Shared\WinCopies.Data.SQL.Shared.projitems*{19030ef2-e025-493b-bce2-879d8447d90f}*SharedItemsImports = 5
		GUI\Shared\WinCopies.GUI.Templates.Shared\WinCopies.GUI.Templates.Shared.projitems*{1af939a9-d753-48e4-b114-fb59e5f3f7fb}*SharedItemsImports = 13
		GUI\Shared\WinCopies.GUI.Models.Shared\WinCopies.GUI.Models.Shared.projitems*{23da9674-4097-409a-a2af-4ed8aebcc7a1}*SharedItemsImports = 5
		Reflection\Shared\WinCopies.Reflection.DotNetParser.Shared\WinCopies.Reflection.DotNetParser.Shared.projitems*{293bde10-0770-4614-a925-b3a2d4133dcf}*SharedItemsImports = 5
		GUI\Shared\WinCopies.GUI.Shared\WinCopies.GUI.Shared.projitems*{3aaf402a-7c4a-455f-8f42-6f4f13c5e185}*SharedItemsImports = 13
		GUI\Shared\WinCopies.GUI.Windows.Shared\WinCopies.GUI.Windows.Shared.projitems*{3fa63940-0513-455d-a3d1-fba954c22869}*SharedItemsImports = 13
		WinCopies.Console.Shared\WinCopies.Console.Shared.projitems*{41dcc223-d715-4631-b32d-7a55b03077a0}*SharedItemsImports = 13
		Reflection\Shared\WinCopies.Reflection.DotNetDocBuilder.Shared\WinCopies.Reflection.DotNetDocBuilder.Shared.projitems*{479febe9-432f-4e15-82f6-626e519b68a3}*SharedItemsImports = 13
		IO\Shared\WinCopies.IO.Shell.Shared\WinCopies.IO.Shell.Shared.projitems*{4b71b699-25a8-4abf-b25d-553da080b6a0}*SharedItemsImports = 5
		WinCopies.Console.Shared\WinCopies.Console.Shared.projitems*{5339c591-bb79-4c6d-90d3-67318449b227}*SharedItemsImports = 5
		Reflection\Shared\WinCopies.Reflection.DotNetDocBuilder.Shared\WinCopies.Reflection.DotNetDocBuilder.Shared.projitems*{55274cc6-1a3e-4fbb-9a78-af7f06b6082f}*SharedItemsImports = 5
		GUI\Shared\WinCopies.GUI.ViewModels.Shared\WinCopies.GUI.ViewModels.Shared.projitems*{589fcd51-85a1-46ff-ab94-3cdd133f92de}*SharedItemsImports = 13
		IO\Shared\WinCopies.IO.Shell.Shared\WinCopies.IO.Shell.Shared.projitems*{5c6a8e8f-21ab-4c80-b898-5fb090cb72bd}*SharedItemsImports = 13
		Reflection\Shared\WinCopies.Reflection.DotNetParser.Shared\WinCopies.Reflection.DotNetParser.Shared.projitems*{65ba5ac0-50dc-4948-b145-ba0f82ec4fb5}*SharedItemsImports = 13
		IO\Shared\WinCopies.GUI.IO.Shared\WinCopies.GUI.IO.Shared.projitems*{690260b7-f85d-481e-9527-0a6034e39053}*SharedItemsImports = 13
		GUI\Shared\WinCopies.GUI.Drawing.Shared\WinCopies.GUI.Drawing.Shared.projitems*{75ad8221-36bc-49d6-a783-eb7c4b3deed7}*SharedItemsImports = 5
		IO\Shared\WinCopies.IO.Shared\WinCopies.IO.Shared.projitems*{76656453-c025-42e6-86a0-dfbb520ed7d9}*SharedItemsImports = 13
		Data\Shared\WinCopies.Data.SQL.Shared\WinCopies.Data.SQL.Shared.projitems*{78129f5e-4eba-4662-8f8a-fcbb2ef36fb9}*SharedItemsImports = 13
		GUI\Shared\WinCopies.GUI.Controls.Shared\WinCopies.GUI.Controls.Shared.projitems*{8e59282e-c7fb-44dc-8617-a1b2a932c5a9}*SharedItemsImports = 13
		IO\Shared\WinCopies.GUI.Shell.Shared\WinCopies.GUI.Shell.Shared.projitems*{8eaebfa9-cd8a-4846-b8fa-b6ba09bdeb2a}*SharedItemsImports = 5
		WinCopies.Util.Temp.Shared\WinCopies.Util.Temp.Shared.projitems*{971fca65-9999-4b74-bdde-947bc38435f0}*SharedItemsImports = 13
		Data\Shared\WinCopies.Data.MySQL.Shared\WinCopies.Data.MySQL.Shared.projitems*{97de8f2d-3077-4efd-a0ec-5030ea874254}*SharedItemsImports = 13
		GUI\Shared\WinCopies.GUI.Models.Shared\WinCopies.GUI.Models.Shared.projitems*{a43aee04-0665-4d64-a4b9-7ff1e471bf29}*SharedItemsImports = 13
		IO\Shared\WinCopies.GUI.IO.Shared\WinCopies.GUI.IO.Shared.projitems*{b65ae3f5-151a-4849-9ab6-b3a10ea3f437}*SharedItemsImports = 5
		GUI\Shared\WinCopies.GUI.Templates.Shared\WinCopies.GUI.Templates.Shared.projitems*{b8fe3fab-a468-4cb8-81d9-33b159b22c05}*SharedItemsImports = 5
		GUI\Shared\WinCopies.GUI.Shared\WinCopies.GUI.Shared.projitems*{c30186b1-ac39-486a-a4a4-e7b7737b0863}*SharedItemsImports = 5
		IO\Shared\WinCopies.GUI.Shell.Shared\WinCopies.GUI.Shell.Shared.projitems*{d5ddacc8-7290-4f0c-9505-78822411e6ba}*SharedItemsImports = 13
		WinCopies.Util.Temp.Shared\WinCopies.Util.Temp.Shared.projitems*{de307a15-a22b-44ec-b769-1afb568e0c79}*SharedItemsImports = 5
		GUI\Shared\WinCopies.GUI.Drawing.Shared\WinCopies.GUI.Drawing.Shared.projitems*{f96f9167-8d67-49f6-a4fb-cffd49725150}*SharedItemsImports = 13
		GUI\Shared\WinCopies.GUI.ViewModels.Shared\WinCopies.GUI.ViewModels.Shared.projitems*{fc63d898-9a71-4ed5-abb6-a5e4e832360d}*SharedItemsImports = 5
	EndGlobalSection
	GlobalSection(SolutionConfigurationPlatforms) = preSolution
		Debug|Any CPU = Debug|Any CPU
		Debug|x64 = Debug|x64
		Release|Any CPU = Release|Any CPU
		Release|x64 = Release|x64
	EndGlobalSection
	GlobalSection(ProjectConfigurationPlatforms) = postSolution
		{DE307A15-A22B-44EC-B769-1AFB568E0C79}.Debug|Any CPU.ActiveCfg = Debug|Any CPU
		{DE307A15-A22B-44EC-B769-1AFB568E0C79}.Debug|Any CPU.Build.0 = Debug|Any CPU
		{DE307A15-A22B-44EC-B769-1AFB568E0C79}.Debug|x64.ActiveCfg = Debug|Any CPU
		{DE307A15-A22B-44EC-B769-1AFB568E0C79}.Debug|x64.Build.0 = Debug|Any CPU
		{DE307A15-A22B-44EC-B769-1AFB568E0C79}.Release|Any CPU.ActiveCfg = Release|Any CPU
		{DE307A15-A22B-44EC-B769-1AFB568E0C79}.Release|Any CPU.Build.0 = Release|Any CPU
		{DE307A15-A22B-44EC-B769-1AFB568E0C79}.Release|x64.ActiveCfg = Release|Any CPU
		{DE307A15-A22B-44EC-B769-1AFB568E0C79}.Release|x64.Build.0 = Release|Any CPU
		{5339C591-BB79-4C6D-90D3-67318449B227}.Debug|Any CPU.ActiveCfg = Debug|Any CPU
		{5339C591-BB79-4C6D-90D3-67318449B227}.Debug|Any CPU.Build.0 = Debug|Any CPU
		{5339C591-BB79-4C6D-90D3-67318449B227}.Debug|x64.ActiveCfg = Debug|Any CPU
		{5339C591-BB79-4C6D-90D3-67318449B227}.Debug|x64.Build.0 = Debug|Any CPU
		{5339C591-BB79-4C6D-90D3-67318449B227}.Release|Any CPU.ActiveCfg = Release|Any CPU
		{5339C591-BB79-4C6D-90D3-67318449B227}.Release|Any CPU.Build.0 = Release|Any CPU
		{5339C591-BB79-4C6D-90D3-67318449B227}.Release|x64.ActiveCfg = Release|Any CPU
		{5339C591-BB79-4C6D-90D3-67318449B227}.Release|x64.Build.0 = Release|Any CPU
		{19030EF2-E025-493B-BCE2-879D8447D90F}.Debug|Any CPU.ActiveCfg = Debug|Any CPU
		{19030EF2-E025-493B-BCE2-879D8447D90F}.Debug|Any CPU.Build.0 = Debug|Any CPU
		{19030EF2-E025-493B-BCE2-879D8447D90F}.Debug|x64.ActiveCfg = Debug|Any CPU
		{19030EF2-E025-493B-BCE2-879D8447D90F}.Debug|x64.Build.0 = Debug|Any CPU
		{19030EF2-E025-493B-BCE2-879D8447D90F}.Release|Any CPU.ActiveCfg = Release|Any CPU
		{19030EF2-E025-493B-BCE2-879D8447D90F}.Release|Any CPU.Build.0 = Release|Any CPU
		{19030EF2-E025-493B-BCE2-879D8447D90F}.Release|x64.ActiveCfg = Release|Any CPU
		{19030EF2-E025-493B-BCE2-879D8447D90F}.Release|x64.Build.0 = Release|Any CPU
		{123294AC-43C7-4E4E-9B8F-0ABE6750C7C7}.Debug|Any CPU.ActiveCfg = Debug|Any CPU
		{123294AC-43C7-4E4E-9B8F-0ABE6750C7C7}.Debug|Any CPU.Build.0 = Debug|Any CPU
		{123294AC-43C7-4E4E-9B8F-0ABE6750C7C7}.Debug|x64.ActiveCfg = Debug|Any CPU
		{123294AC-43C7-4E4E-9B8F-0ABE6750C7C7}.Debug|x64.Build.0 = Debug|Any CPU
		{123294AC-43C7-4E4E-9B8F-0ABE6750C7C7}.Release|Any CPU.ActiveCfg = Release|Any CPU
		{123294AC-43C7-4E4E-9B8F-0ABE6750C7C7}.Release|Any CPU.Build.0 = Release|Any CPU
		{123294AC-43C7-4E4E-9B8F-0ABE6750C7C7}.Release|x64.ActiveCfg = Release|Any CPU
		{123294AC-43C7-4E4E-9B8F-0ABE6750C7C7}.Release|x64.Build.0 = Release|Any CPU
		{293BDE10-0770-4614-A925-B3A2D4133DCF}.Debug|Any CPU.ActiveCfg = Debug|Any CPU
		{293BDE10-0770-4614-A925-B3A2D4133DCF}.Debug|Any CPU.Build.0 = Debug|Any CPU
		{293BDE10-0770-4614-A925-B3A2D4133DCF}.Debug|x64.ActiveCfg = Debug|Any CPU
		{293BDE10-0770-4614-A925-B3A2D4133DCF}.Debug|x64.Build.0 = Debug|Any CPU
		{293BDE10-0770-4614-A925-B3A2D4133DCF}.Release|Any CPU.ActiveCfg = Release|Any CPU
		{293BDE10-0770-4614-A925-B3A2D4133DCF}.Release|Any CPU.Build.0 = Release|Any CPU
		{293BDE10-0770-4614-A925-B3A2D4133DCF}.Release|x64.ActiveCfg = Release|Any CPU
		{293BDE10-0770-4614-A925-B3A2D4133DCF}.Release|x64.Build.0 = Release|Any CPU
		{55274CC6-1A3E-4FBB-9A78-AF7F06B6082F}.Debug|Any CPU.ActiveCfg = Debug|Any CPU
		{55274CC6-1A3E-4FBB-9A78-AF7F06B6082F}.Debug|Any CPU.Build.0 = Debug|Any CPU
		{55274CC6-1A3E-4FBB-9A78-AF7F06B6082F}.Debug|x64.ActiveCfg = Debug|Any CPU
		{55274CC6-1A3E-4FBB-9A78-AF7F06B6082F}.Debug|x64.Build.0 = Debug|Any CPU
		{55274CC6-1A3E-4FBB-9A78-AF7F06B6082F}.Release|Any CPU.ActiveCfg = Release|Any CPU
		{55274CC6-1A3E-4FBB-9A78-AF7F06B6082F}.Release|Any CPU.Build.0 = Release|Any CPU
		{55274CC6-1A3E-4FBB-9A78-AF7F06B6082F}.Release|x64.ActiveCfg = Release|Any CPU
		{55274CC6-1A3E-4FBB-9A78-AF7F06B6082F}.Release|x64.Build.0 = Release|Any CPU
		{C30186B1-AC39-486A-A4A4-E7B7737B0863}.Debug|Any CPU.ActiveCfg = Debug|Any CPU
		{C30186B1-AC39-486A-A4A4-E7B7737B0863}.Debug|Any CPU.Build.0 = Debug|Any CPU
		{C30186B1-AC39-486A-A4A4-E7B7737B0863}.Debug|x64.ActiveCfg = Debug|Any CPU
		{C30186B1-AC39-486A-A4A4-E7B7737B0863}.Debug|x64.Build.0 = Debug|Any CPU
		{C30186B1-AC39-486A-A4A4-E7B7737B0863}.Release|Any CPU.ActiveCfg = Release|Any CPU
		{C30186B1-AC39-486A-A4A4-E7B7737B0863}.Release|Any CPU.Build.0 = Release|Any CPU
		{C30186B1-AC39-486A-A4A4-E7B7737B0863}.Release|x64.ActiveCfg = Release|Any CPU
		{C30186B1-AC39-486A-A4A4-E7B7737B0863}.Release|x64.Build.0 = Release|Any CPU
		{75AD8221-36BC-49D6-A783-EB7C4B3DEED7}.Debug|Any CPU.ActiveCfg = Debug|Any CPU
		{75AD8221-36BC-49D6-A783-EB7C4B3DEED7}.Debug|Any CPU.Build.0 = Debug|Any CPU
		{75AD8221-36BC-49D6-A783-EB7C4B3DEED7}.Debug|x64.ActiveCfg = Debug|Any CPU
		{75AD8221-36BC-49D6-A783-EB7C4B3DEED7}.Debug|x64.Build.0 = Debug|Any CPU
		{75AD8221-36BC-49D6-A783-EB7C4B3DEED7}.Release|Any CPU.ActiveCfg = Release|Any CPU
		{75AD8221-36BC-49D6-A783-EB7C4B3DEED7}.Release|Any CPU.Build.0 = Release|Any CPU
		{75AD8221-36BC-49D6-A783-EB7C4B3DEED7}.Release|x64.ActiveCfg = Release|Any CPU
		{75AD8221-36BC-49D6-A783-EB7C4B3DEED7}.Release|x64.Build.0 = Release|Any CPU
		{69AE8ADA-D39B-43EA-AB01-209DBF5BC3BD}.Debug|Any CPU.ActiveCfg = Debug|Any CPU
		{69AE8ADA-D39B-43EA-AB01-209DBF5BC3BD}.Debug|Any CPU.Build.0 = Debug|Any CPU
		{69AE8ADA-D39B-43EA-AB01-209DBF5BC3BD}.Debug|x64.ActiveCfg = Debug|Any CPU
		{69AE8ADA-D39B-43EA-AB01-209DBF5BC3BD}.Debug|x64.Build.0 = Debug|Any CPU
		{69AE8ADA-D39B-43EA-AB01-209DBF5BC3BD}.Release|Any CPU.ActiveCfg = Release|Any CPU
		{69AE8ADA-D39B-43EA-AB01-209DBF5BC3BD}.Release|Any CPU.Build.0 = Release|Any CPU
		{69AE8ADA-D39B-43EA-AB01-209DBF5BC3BD}.Release|x64.ActiveCfg = Release|Any CPU
		{69AE8ADA-D39B-43EA-AB01-209DBF5BC3BD}.Release|x64.Build.0 = Release|Any CPU
		{23DA9674-4097-409A-A2AF-4ED8AEBCC7A1}.Debug|Any CPU.ActiveCfg = Debug|Any CPU
		{23DA9674-4097-409A-A2AF-4ED8AEBCC7A1}.Debug|Any CPU.Build.0 = Debug|Any CPU
		{23DA9674-4097-409A-A2AF-4ED8AEBCC7A1}.Debug|x64.ActiveCfg = Debug|Any CPU
		{23DA9674-4097-409A-A2AF-4ED8AEBCC7A1}.Debug|x64.Build.0 = Debug|Any CPU
		{23DA9674-4097-409A-A2AF-4ED8AEBCC7A1}.Release|Any CPU.ActiveCfg = Release|Any CPU
		{23DA9674-4097-409A-A2AF-4ED8AEBCC7A1}.Release|Any CPU.Build.0 = Release|Any CPU
		{23DA9674-4097-409A-A2AF-4ED8AEBCC7A1}.Release|x64.ActiveCfg = Release|Any CPU
		{23DA9674-4097-409A-A2AF-4ED8AEBCC7A1}.Release|x64.Build.0 = Release|Any CPU
		{B8FE3FAB-A468-4CB8-81D9-33B159B22C05}.Debug|Any CPU.ActiveCfg = Debug|Any CPU
		{B8FE3FAB-A468-4CB8-81D9-33B159B22C05}.Debug|Any CPU.Build.0 = Debug|Any CPU
		{B8FE3FAB-A468-4CB8-81D9-33B159B22C05}.Debug|x64.ActiveCfg = Debug|Any CPU
		{B8FE3FAB-A468-4CB8-81D9-33B159B22C05}.Debug|x64.Build.0 = Debug|Any CPU
		{B8FE3FAB-A468-4CB8-81D9-33B159B22C05}.Release|Any CPU.ActiveCfg = Release|Any CPU
		{B8FE3FAB-A468-4CB8-81D9-33B159B22C05}.Release|Any CPU.Build.0 = Release|Any CPU
		{B8FE3FAB-A468-4CB8-81D9-33B159B22C05}.Release|x64.ActiveCfg = Release|Any CPU
		{B8FE3FAB-A468-4CB8-81D9-33B159B22C05}.Release|x64.Build.0 = Release|Any CPU
		{FC63D898-9A71-4ED5-ABB6-A5E4E832360D}.Debug|Any CPU.ActiveCfg = Debug|Any CPU
		{FC63D898-9A71-4ED5-ABB6-A5E4E832360D}.Debug|Any CPU.Build.0 = Debug|Any CPU
		{FC63D898-9A71-4ED5-ABB6-A5E4E832360D}.Debug|x64.ActiveCfg = Debug|Any CPU
		{FC63D898-9A71-4ED5-ABB6-A5E4E832360D}.Debug|x64.Build.0 = Debug|Any CPU
		{FC63D898-9A71-4ED5-ABB6-A5E4E832360D}.Release|Any CPU.ActiveCfg = Release|Any CPU
		{FC63D898-9A71-4ED5-ABB6-A5E4E832360D}.Release|Any CPU.Build.0 = Release|Any CPU
		{FC63D898-9A71-4ED5-ABB6-A5E4E832360D}.Release|x64.ActiveCfg = Release|Any CPU
		{FC63D898-9A71-4ED5-ABB6-A5E4E832360D}.Release|x64.Build.0 = Release|Any CPU
		{B65AE3F5-151A-4849-9AB6-B3A10EA3F437}.Debug|Any CPU.ActiveCfg = Debug|Any CPU
		{B65AE3F5-151A-4849-9AB6-B3A10EA3F437}.Debug|Any CPU.Build.0 = Debug|Any CPU
		{B65AE3F5-151A-4849-9AB6-B3A10EA3F437}.Debug|x64.ActiveCfg = Debug|Any CPU
		{B65AE3F5-151A-4849-9AB6-B3A10EA3F437}.Debug|x64.Build.0 = Debug|Any CPU
		{B65AE3F5-151A-4849-9AB6-B3A10EA3F437}.Release|Any CPU.ActiveCfg = Release|Any CPU
		{B65AE3F5-151A-4849-9AB6-B3A10EA3F437}.Release|Any CPU.Build.0 = Release|Any CPU
		{B65AE3F5-151A-4849-9AB6-B3A10EA3F437}.Release|x64.ActiveCfg = Release|Any CPU
		{B65AE3F5-151A-4849-9AB6-B3A10EA3F437}.Release|x64.Build.0 = Release|Any CPU
		{8EAEBFA9-CD8A-4846-B8FA-B6BA09BDEB2A}.Debug|Any CPU.ActiveCfg = Debug|Any CPU
		{8EAEBFA9-CD8A-4846-B8FA-B6BA09BDEB2A}.Debug|Any CPU.Build.0 = Debug|Any CPU
		{8EAEBFA9-CD8A-4846-B8FA-B6BA09BDEB2A}.Debug|x64.ActiveCfg = Debug|Any CPU
		{8EAEBFA9-CD8A-4846-B8FA-B6BA09BDEB2A}.Debug|x64.Build.0 = Debug|Any CPU
		{8EAEBFA9-CD8A-4846-B8FA-B6BA09BDEB2A}.Release|Any CPU.ActiveCfg = Release|Any CPU
		{8EAEBFA9-CD8A-4846-B8FA-B6BA09BDEB2A}.Release|Any CPU.Build.0 = Release|Any CPU
		{8EAEBFA9-CD8A-4846-B8FA-B6BA09BDEB2A}.Release|x64.ActiveCfg = Release|Any CPU
		{8EAEBFA9-CD8A-4846-B8FA-B6BA09BDEB2A}.Release|x64.Build.0 = Release|Any CPU
		{E7AE6C1E-DA9F-4B48-AC85-EAF4F027F6DE}.Debug|Any CPU.ActiveCfg = Debug|Any CPU
		{E7AE6C1E-DA9F-4B48-AC85-EAF4F027F6DE}.Debug|Any CPU.Build.0 = Debug|Any CPU
		{E7AE6C1E-DA9F-4B48-AC85-EAF4F027F6DE}.Debug|x64.ActiveCfg = Debug|Any CPU
		{E7AE6C1E-DA9F-4B48-AC85-EAF4F027F6DE}.Debug|x64.Build.0 = Debug|Any CPU
		{E7AE6C1E-DA9F-4B48-AC85-EAF4F027F6DE}.Release|Any CPU.ActiveCfg = Release|Any CPU
		{E7AE6C1E-DA9F-4B48-AC85-EAF4F027F6DE}.Release|Any CPU.Build.0 = Release|Any CPU
		{E7AE6C1E-DA9F-4B48-AC85-EAF4F027F6DE}.Release|x64.ActiveCfg = Release|Any CPU
		{E7AE6C1E-DA9F-4B48-AC85-EAF4F027F6DE}.Release|x64.Build.0 = Release|Any CPU
		{4B71B699-25A8-4ABF-B25D-553DA080B6A0}.Debug|Any CPU.ActiveCfg = Debug|Any CPU
		{4B71B699-25A8-4ABF-B25D-553DA080B6A0}.Debug|Any CPU.Build.0 = Debug|Any CPU
		{4B71B699-25A8-4ABF-B25D-553DA080B6A0}.Debug|x64.ActiveCfg = Debug|Any CPU
		{4B71B699-25A8-4ABF-B25D-553DA080B6A0}.Debug|x64.Build.0 = Debug|Any CPU
		{4B71B699-25A8-4ABF-B25D-553DA080B6A0}.Release|Any CPU.ActiveCfg = Release|Any CPU
		{4B71B699-25A8-4ABF-B25D-553DA080B6A0}.Release|Any CPU.Build.0 = Release|Any CPU
		{4B71B699-25A8-4ABF-B25D-553DA080B6A0}.Release|x64.ActiveCfg = Release|Any CPU
		{4B71B699-25A8-4ABF-B25D-553DA080B6A0}.Release|x64.Build.0 = Release|Any CPU
	EndGlobalSection
	GlobalSection(SolutionProperties) = preSolution
		HideSolutionNode = FALSE
	EndGlobalSection
	GlobalSection(NestedProjects) = preSolution
		{971FCA65-9999-4B74-BDDE-947BC38435F0} = {0C3844B6-19D2-4223-9762-2CA1C09B26A7}
		{BE3312BD-508F-4831-BCEC-C97150B2EF90} = {ADE78BF5-47C3-4D29-B4F3-C088935960FD}
		{DE307A15-A22B-44EC-B769-1AFB568E0C79} = {25E0C698-BBA1-4331-ABFB-E4DA71938685}
		{5339C591-BB79-4C6D-90D3-67318449B227} = {25E0C698-BBA1-4331-ABFB-E4DA71938685}
		{41DCC223-D715-4631-B32D-7A55B03077A0} = {0C3844B6-19D2-4223-9762-2CA1C09B26A7}
		{0C3844B6-19D2-4223-9762-2CA1C09B26A7} = {63A53248-BDBE-4CBD-AFA9-3BC0170D1C22}
		{25E0C698-BBA1-4331-ABFB-E4DA71938685} = {63A53248-BDBE-4CBD-AFA9-3BC0170D1C22}
		{8A46626D-48DF-4D25-98E1-634210EFBBA1} = {ADE78BF5-47C3-4D29-B4F3-C088935960FD}
		{60AE81D0-37D6-4800-882C-E41EB277DD94} = {22EAF32C-9029-42A6-8040-2E3338937ED7}
		{82DBBCCB-0EB8-442A-852B-D8815617816F} = {22EAF32C-9029-42A6-8040-2E3338937ED7}
		{73A48362-0C68-46E2-B765-544A621B28A5} = {A14C53CF-0917-4334-B9A5-B6AF0A8BF117}
		{61FB6295-E662-4B69-8121-55D3473103C2} = {A14C53CF-0917-4334-B9A5-B6AF0A8BF117}
		{59EED2B0-96B5-426B-8122-AC4BCE9AFDE0} = {730E342D-C011-4F8A-B396-A08D03ABF35C}
		{6826D914-9A1B-4404-862F-6762CFFFFB4C} = {730E342D-C011-4F8A-B396-A08D03ABF35C}
		{19030EF2-E025-493B-BCE2-879D8447D90F} = {61FB6295-E662-4B69-8121-55D3473103C2}
		{123294AC-43C7-4E4E-9B8F-0ABE6750C7C7} = {61FB6295-E662-4B69-8121-55D3473103C2}
		{78129F5E-4EBA-4662-8F8A-FCBB2EF36FB9} = {73A48362-0C68-46E2-B765-544A621B28A5}
		{97DE8F2D-3077-4EFD-A0EC-5030EA874254} = {73A48362-0C68-46E2-B765-544A621B28A5}
		{65BA5AC0-50DC-4948-B145-BA0F82EC4FB5} = {59EED2B0-96B5-426B-8122-AC4BCE9AFDE0}
		{479FEBE9-432F-4E15-82F6-626E519B68A3} = {59EED2B0-96B5-426B-8122-AC4BCE9AFDE0}
		{293BDE10-0770-4614-A925-B3A2D4133DCF} = {6826D914-9A1B-4404-862F-6762CFFFFB4C}
		{55274CC6-1A3E-4FBB-9A78-AF7F06B6082F} = {6826D914-9A1B-4404-862F-6762CFFFFB4C}
		{3AAF402A-7C4A-455F-8F42-6F4F13C5E185} = {8A46626D-48DF-4D25-98E1-634210EFBBA1}
		{8E59282E-C7FB-44DC-8617-A1B2A932C5A9} = {8A46626D-48DF-4D25-98E1-634210EFBBA1}
		{F96F9167-8D67-49F6-A4FB-CFFD49725150} = {8A46626D-48DF-4D25-98E1-634210EFBBA1}
		{A43AEE04-0665-4D64-A4B9-7FF1E471BF29} = {8A46626D-48DF-4D25-98E1-634210EFBBA1}
		{1AF939A9-D753-48E4-B114-FB59E5F3F7FB} = {8A46626D-48DF-4D25-98E1-634210EFBBA1}
		{589FCD51-85A1-46FF-AB94-3CDD133F92DE} = {8A46626D-48DF-4D25-98E1-634210EFBBA1}
		{3FA63940-0513-455D-A3D1-FBA954C22869} = {8A46626D-48DF-4D25-98E1-634210EFBBA1}
		{C30186B1-AC39-486A-A4A4-E7B7737B0863} = {BE3312BD-508F-4831-BCEC-C97150B2EF90}
		{75AD8221-36BC-49D6-A783-EB7C4B3DEED7} = {BE3312BD-508F-4831-BCEC-C97150B2EF90}
		{69AE8ADA-D39B-43EA-AB01-209DBF5BC3BD} = {BE3312BD-508F-4831-BCEC-C97150B2EF90}
		{23DA9674-4097-409A-A2AF-4ED8AEBCC7A1} = {BE3312BD-508F-4831-BCEC-C97150B2EF90}
		{B8FE3FAB-A468-4CB8-81D9-33B159B22C05} = {BE3312BD-508F-4831-BCEC-C97150B2EF90}
		{FC63D898-9A71-4ED5-ABB6-A5E4E832360D} = {BE3312BD-508F-4831-BCEC-C97150B2EF90}
		{D5DDACC8-7290-4F0C-9505-78822411E6BA} = {82DBBCCB-0EB8-442A-852B-D8815617816F}
		{690260B7-F85D-481E-9527-0A6034E39053} = {82DBBCCB-0EB8-442A-852B-D8815617816F}
		{76656453-C025-42E6-86A0-DFBB520ED7D9} = {82DBBCCB-0EB8-442A-852B-D8815617816F}
		{5C6A8E8F-21AB-4C80-B898-5FB090CB72BD} = {82DBBCCB-0EB8-442A-852B-D8815617816F}
		{B65AE3F5-151A-4849-9AB6-B3A10EA3F437} = {60AE81D0-37D6-4800-882C-E41EB277DD94}
		{8EAEBFA9-CD8A-4846-B8FA-B6BA09BDEB2A} = {60AE81D0-37D6-4800-882C-E41EB277DD94}
		{E7AE6C1E-DA9F-4B48-AC85-EAF4F027F6DE} = {60AE81D0-37D6-4800-882C-E41EB277DD94}
		{4B71B699-25A8-4ABF-B25D-553DA080B6A0} = {60AE81D0-37D6-4800-882C-E41EB277DD94}
	EndGlobalSection
	GlobalSection(ExtensibilityGlobals) = postSolution
		SolutionGuid = {75922CA2-98D5-4443-BE25-39062994E598}
	EndGlobalSection
EndGlobal
